// !$*UTF8*$!
{
	archiveVersion = 1;
	classes = {
	};
	objectVersion = 46;
	objects = {

/* Begin PBXBuildFile section */
		16810C781F856F2400E5B0FC /* ArkNetworkManager.swift in Sources */ = {isa = PBXBuildFile; fileRef = 16810C341F856F2100E5B0FC /* ArkNetworkManager.swift */; };
		16810C7A1F856F2400E5B0FC /* ArkNotificationManager.swift in Sources */ = {isa = PBXBuildFile; fileRef = 16810C361F856F2100E5B0FC /* ArkNotificationManager.swift */; };
		16810C7B1F856F2400E5B0FC /* DelegateDetailViewController.swift in Sources */ = {isa = PBXBuildFile; fileRef = 16810C381F856F2200E5B0FC /* DelegateDetailViewController.swift */; };
		16810C7C1F856F2400E5B0FC /* DelegateListSectionHeaderView.swift in Sources */ = {isa = PBXBuildFile; fileRef = 16810C391F856F2200E5B0FC /* DelegateListSectionHeaderView.swift */; };
		16810C7D1F856F2400E5B0FC /* DelegateListViewController.swift in Sources */ = {isa = PBXBuildFile; fileRef = 16810C3A1F856F2200E5B0FC /* DelegateListViewController.swift */; };
		16810C7E1F856F2400E5B0FC /* DelegateTableViewCell.swift in Sources */ = {isa = PBXBuildFile; fileRef = 16810C3B1F856F2200E5B0FC /* DelegateTableViewCell.swift */; };
		16810C7F1F856F2400E5B0FC /* SwiftyArk+Extensions.swift in Sources */ = {isa = PBXBuildFile; fileRef = 16810C3C1F856F2200E5B0FC /* SwiftyArk+Extensions.swift */; };
		16810C801F856F2400E5B0FC /* TickerInfo.swift in Sources */ = {isa = PBXBuildFile; fileRef = 16810C3D1F856F2200E5B0FC /* TickerInfo.swift */; };
		16810C811F856F2400E5B0FC /* ArkDataManager.swift in Sources */ = {isa = PBXBuildFile; fileRef = 16810C3E1F856F2200E5B0FC /* ArkDataManager.swift */; };
		16810C821F856F2400E5B0FC /* HomeViewController.swift in Sources */ = {isa = PBXBuildFile; fileRef = 16810C401F856F2200E5B0FC /* HomeViewController.swift */; };
		16810C831F856F2400E5B0FC /* ReceiveTransferViewController.swift in Sources */ = {isa = PBXBuildFile; fileRef = 16810C411F856F2200E5B0FC /* ReceiveTransferViewController.swift */; };
		16810C841F856F2400E5B0FC /* TransactionDetailViewController.swift in Sources */ = {isa = PBXBuildFile; fileRef = 16810C421F856F2200E5B0FC /* TransactionDetailViewController.swift */; };
		16810C851F856F2400E5B0FC /* HomeHeaderView.swift in Sources */ = {isa = PBXBuildFile; fileRef = 16810C441F856F2200E5B0FC /* HomeHeaderView.swift */; };
		16810C861F856F2400E5B0FC /* HomeTransactionsTableViewCell.swift in Sources */ = {isa = PBXBuildFile; fileRef = 16810C451F856F2200E5B0FC /* HomeTransactionsTableViewCell.swift */; };
		16810C871F856F2400E5B0FC /* ArkCopyableLabel.swift in Sources */ = {isa = PBXBuildFile; fileRef = 16810C471F856F2200E5B0FC /* ArkCopyableLabel.swift */; };
		16810C881F856F2400E5B0FC /* ArkDetailTableViewCell.swift in Sources */ = {isa = PBXBuildFile; fileRef = 16810C481F856F2200E5B0FC /* ArkDetailTableViewCell.swift */; };
		16810C891F856F2400E5B0FC /* ArkGradientView.swift in Sources */ = {isa = PBXBuildFile; fileRef = 16810C491F856F2200E5B0FC /* ArkGradientView.swift */; };
		16810C8A1F856F2400E5B0FC /* ArkNavigationViewController.swift in Sources */ = {isa = PBXBuildFile; fileRef = 16810C4A1F856F2200E5B0FC /* ArkNavigationViewController.swift */; };
		16810C8B1F856F2400E5B0FC /* ArkTableView.swift in Sources */ = {isa = PBXBuildFile; fileRef = 16810C4B1F856F2200E5B0FC /* ArkTableView.swift */; };
		16810C8C1F856F2400E5B0FC /* ArkTextField.swift in Sources */ = {isa = PBXBuildFile; fileRef = 16810C4C1F856F2200E5B0FC /* ArkTextField.swift */; };
		16810C8D1F856F2400E5B0FC /* ArkViewController.swift in Sources */ = {isa = PBXBuildFile; fileRef = 16810C4D1F856F2200E5B0FC /* ArkViewController.swift */; };
		16810C8E1F856F2400E5B0FC /* MyDelegateViewController.swift in Sources */ = {isa = PBXBuildFile; fileRef = 16810C4F1F856F2200E5B0FC /* MyDelegateViewController.swift */; };
		16810C8F1F856F2400E5B0FC /* AccountDetailViewController.swift in Sources */ = {isa = PBXBuildFile; fileRef = 16810C511F856F2200E5B0FC /* AccountDetailViewController.swift */; };
		16810C901F856F2400E5B0FC /* BlockDetailViewController.swift in Sources */ = {isa = PBXBuildFile; fileRef = 16810C521F856F2200E5B0FC /* BlockDetailViewController.swift */; };
		16810C911F856F2400E5B0FC /* ExplorerViewController.swift in Sources */ = {isa = PBXBuildFile; fileRef = 16810C531F856F2200E5B0FC /* ExplorerViewController.swift */; };
		16810C921F856F2400E5B0FC /* ExplorerAccountTableViewCell.swift in Sources */ = {isa = PBXBuildFile; fileRef = 16810C551F856F2200E5B0FC /* ExplorerAccountTableViewCell.swift */; };
		16810C931F856F2400E5B0FC /* ExplorerBlockTableViewCell.swift in Sources */ = {isa = PBXBuildFile; fileRef = 16810C561F856F2200E5B0FC /* ExplorerBlockTableViewCell.swift */; };
		16810C941F856F2400E5B0FC /* ExplorerDelegateTableViewCell.swift in Sources */ = {isa = PBXBuildFile; fileRef = 16810C571F856F2200E5B0FC /* ExplorerDelegateTableViewCell.swift */; };
		16810C951F856F2400E5B0FC /* ExplorerTransactionTableViewCell.swift in Sources */ = {isa = PBXBuildFile; fileRef = 16810C581F856F2200E5B0FC /* ExplorerTransactionTableViewCell.swift */; };
		16810C961F856F2400E5B0FC /* ArkTabViewController.swift in Sources */ = {isa = PBXBuildFile; fileRef = 16810C591F856F2300E5B0FC /* ArkTabViewController.swift */; };
		16810C971F856F2400E5B0FC /* ArkBackgroundFetch.swift in Sources */ = {isa = PBXBuildFile; fileRef = 16810C5A1F856F2300E5B0FC /* ArkBackgroundFetch.swift */; };
		16810C981F856F2400E5B0FC /* CurrenctySelectionTableViewCell.swift in Sources */ = {isa = PBXBuildFile; fileRef = 16810C5D1F856F2300E5B0FC /* CurrenctySelectionTableViewCell.swift */; };
		16810C991F856F2400E5B0FC /* CurrencySelectionViewController.swift in Sources */ = {isa = PBXBuildFile; fileRef = 16810C5E1F856F2300E5B0FC /* CurrencySelectionViewController.swift */; };
		16810C9A1F856F2400E5B0FC /* SettingsIPTableViewCell.swift in Sources */ = {isa = PBXBuildFile; fileRef = 16810C611F856F2300E5B0FC /* SettingsIPTableViewCell.swift */; };
		16810C9B1F856F2400E5B0FC /* SettingsPortTableViewCell.swift in Sources */ = {isa = PBXBuildFile; fileRef = 16810C621F856F2300E5B0FC /* SettingsPortTableViewCell.swift */; };
		16810C9C1F856F2400E5B0FC /* SettingsSaveTableViewCell.swift in Sources */ = {isa = PBXBuildFile; fileRef = 16810C631F856F2300E5B0FC /* SettingsSaveTableViewCell.swift */; };
		16810C9D1F856F2400E5B0FC /* SettingsServerNameTableViewCell.swift in Sources */ = {isa = PBXBuildFile; fileRef = 16810C641F856F2300E5B0FC /* SettingsServerNameTableViewCell.swift */; };
		16810C9E1F856F2400E5B0FC /* SettingsSSLTableViewCell.swift in Sources */ = {isa = PBXBuildFile; fileRef = 16810C651F856F2300E5B0FC /* SettingsSSLTableViewCell.swift */; };
		16810C9F1F856F2400E5B0FC /* SettingSelectionCustomTableViewCell.swift in Sources */ = {isa = PBXBuildFile; fileRef = 16810C671F856F2300E5B0FC /* SettingSelectionCustomTableViewCell.swift */; };
		16810CA01F856F2400E5B0FC /* SettingSelectionPresetTableViewCell.swift in Sources */ = {isa = PBXBuildFile; fileRef = 16810C681F856F2300E5B0FC /* SettingSelectionPresetTableViewCell.swift */; };
		16810CA11F856F2400E5B0FC /* SettingsSelectionAddServerTableViewCell.swift in Sources */ = {isa = PBXBuildFile; fileRef = 16810C691F856F2300E5B0FC /* SettingsSelectionAddServerTableViewCell.swift */; };
		16810CA21F856F2400E5B0FC /* Server.swift in Sources */ = {isa = PBXBuildFile; fileRef = 16810C6A1F856F2300E5B0FC /* Server.swift */; };
		16810CA31F856F2400E5B0FC /* ServerSelectionViewController.swift in Sources */ = {isa = PBXBuildFile; fileRef = 16810C6B1F856F2300E5B0FC /* ServerSelectionViewController.swift */; };
		16810CA41F856F2400E5B0FC /* SettingsCustomServerViewController.swift in Sources */ = {isa = PBXBuildFile; fileRef = 16810C6C1F856F2300E5B0FC /* SettingsCustomServerViewController.swift */; };
		16810CA51F856F2400E5B0FC /* SettingsCurrencyTableViewCell.swift in Sources */ = {isa = PBXBuildFile; fileRef = 16810C6D1F856F2300E5B0FC /* SettingsCurrencyTableViewCell.swift */; };
		16810CA61F856F2400E5B0FC /* SettingsDelegateTableViewCell.swift in Sources */ = {isa = PBXBuildFile; fileRef = 16810C6E1F856F2300E5B0FC /* SettingsDelegateTableViewCell.swift */; };
		16810CA71F856F2400E5B0FC /* SettingsLogoutTableViewCell.swift in Sources */ = {isa = PBXBuildFile; fileRef = 16810C6F1F856F2300E5B0FC /* SettingsLogoutTableViewCell.swift */; };
		16810CA81F856F2400E5B0FC /* SettingsServerTableViewCell.swift in Sources */ = {isa = PBXBuildFile; fileRef = 16810C701F856F2300E5B0FC /* SettingsServerTableViewCell.swift */; };
		16810CA91F856F2400E5B0FC /* SettingsTransactionsNotificationTableViewCell.swift in Sources */ = {isa = PBXBuildFile; fileRef = 16810C711F856F2300E5B0FC /* SettingsTransactionsNotificationTableViewCell.swift */; };
		16810CAA1F856F2400E5B0FC /* SettingsViewController.swift in Sources */ = {isa = PBXBuildFile; fileRef = 16810C721F856F2300E5B0FC /* SettingsViewController.swift */; };
		16810CAB1F856F2400E5B0FC /* ARKPushNotificationManager.swift in Sources */ = {isa = PBXBuildFile; fileRef = 16810C731F856F2300E5B0FC /* ARKPushNotificationManager.swift */; };
		16810CAC1F856F2400E5B0FC /* AccountTransitionDelegate.swift in Sources */ = {isa = PBXBuildFile; fileRef = 16810C751F856F2400E5B0FC /* AccountTransitionDelegate.swift */; };
		16810CAD1F856F2400E5B0FC /* AccountViewController.swift in Sources */ = {isa = PBXBuildFile; fileRef = 16810C761F856F2400E5B0FC /* AccountViewController.swift */; };
		16810CAE1F856F2400E5B0FC /* ArkActivityView.swift in Sources */ = {isa = PBXBuildFile; fileRef = 16810C771F856F2400E5B0FC /* ArkActivityView.swift */; };
		16810CB01F856FC700E5B0FC /* ArkPalette.swift in Sources */ = {isa = PBXBuildFile; fileRef = 16810CAF1F856FC700E5B0FC /* ArkPalette.swift */; };
		50D0451C340D7A669AE07F70 /* Pods_ArkMonitor.framework in Frameworks */ = {isa = PBXBuildFile; fileRef = AED33999C395ABFC734C5C25 /* Pods_ArkMonitor.framework */; };
		9A103AFD1E719A8800621D88 /* Assets.xcassets in Resources */ = {isa = PBXBuildFile; fileRef = 9A103AFC1E719A8800621D88 /* Assets.xcassets */; };
		9A103B001E719A8800621D88 /* LaunchScreen.storyboard in Resources */ = {isa = PBXBuildFile; fileRef = 9A103AFE1E719A8800621D88 /* LaunchScreen.storyboard */; };
		9A103B551E719C6300621D88 /* AppDelegate.swift in Sources */ = {isa = PBXBuildFile; fileRef = 9A103B071E719C6300621D88 /* AppDelegate.swift */; };
/* End PBXBuildFile section */

/* Begin PBXFileReference section */
		16810C341F856F2100E5B0FC /* ArkNetworkManager.swift */ = {isa = PBXFileReference; fileEncoding = 4; lastKnownFileType = sourcecode.swift; path = ArkNetworkManager.swift; sourceTree = "<group>"; };
		16810C361F856F2100E5B0FC /* ArkNotificationManager.swift */ = {isa = PBXFileReference; fileEncoding = 4; lastKnownFileType = sourcecode.swift; path = ArkNotificationManager.swift; sourceTree = "<group>"; };
		16810C381F856F2200E5B0FC /* DelegateDetailViewController.swift */ = {isa = PBXFileReference; fileEncoding = 4; lastKnownFileType = sourcecode.swift; path = DelegateDetailViewController.swift; sourceTree = "<group>"; };
		16810C391F856F2200E5B0FC /* DelegateListSectionHeaderView.swift */ = {isa = PBXFileReference; fileEncoding = 4; lastKnownFileType = sourcecode.swift; path = DelegateListSectionHeaderView.swift; sourceTree = "<group>"; };
		16810C3A1F856F2200E5B0FC /* DelegateListViewController.swift */ = {isa = PBXFileReference; fileEncoding = 4; lastKnownFileType = sourcecode.swift; path = DelegateListViewController.swift; sourceTree = "<group>"; };
		16810C3B1F856F2200E5B0FC /* DelegateTableViewCell.swift */ = {isa = PBXFileReference; fileEncoding = 4; lastKnownFileType = sourcecode.swift; path = DelegateTableViewCell.swift; sourceTree = "<group>"; };
		16810C3C1F856F2200E5B0FC /* SwiftyArk+Extensions.swift */ = {isa = PBXFileReference; fileEncoding = 4; lastKnownFileType = sourcecode.swift; path = "SwiftyArk+Extensions.swift"; sourceTree = "<group>"; };
		16810C3D1F856F2200E5B0FC /* TickerInfo.swift */ = {isa = PBXFileReference; fileEncoding = 4; lastKnownFileType = sourcecode.swift; path = TickerInfo.swift; sourceTree = "<group>"; };
		16810C3E1F856F2200E5B0FC /* ArkDataManager.swift */ = {isa = PBXFileReference; fileEncoding = 4; lastKnownFileType = sourcecode.swift; path = ArkDataManager.swift; sourceTree = "<group>"; };
		16810C401F856F2200E5B0FC /* HomeViewController.swift */ = {isa = PBXFileReference; fileEncoding = 4; lastKnownFileType = sourcecode.swift; path = HomeViewController.swift; sourceTree = "<group>"; };
		16810C411F856F2200E5B0FC /* ReceiveTransferViewController.swift */ = {isa = PBXFileReference; fileEncoding = 4; lastKnownFileType = sourcecode.swift; path = ReceiveTransferViewController.swift; sourceTree = "<group>"; };
		16810C421F856F2200E5B0FC /* TransactionDetailViewController.swift */ = {isa = PBXFileReference; fileEncoding = 4; lastKnownFileType = sourcecode.swift; path = TransactionDetailViewController.swift; sourceTree = "<group>"; };
		16810C441F856F2200E5B0FC /* HomeHeaderView.swift */ = {isa = PBXFileReference; fileEncoding = 4; lastKnownFileType = sourcecode.swift; path = HomeHeaderView.swift; sourceTree = "<group>"; };
		16810C451F856F2200E5B0FC /* HomeTransactionsTableViewCell.swift */ = {isa = PBXFileReference; fileEncoding = 4; lastKnownFileType = sourcecode.swift; path = HomeTransactionsTableViewCell.swift; sourceTree = "<group>"; };
		16810C471F856F2200E5B0FC /* ArkCopyableLabel.swift */ = {isa = PBXFileReference; fileEncoding = 4; lastKnownFileType = sourcecode.swift; path = ArkCopyableLabel.swift; sourceTree = "<group>"; };
		16810C481F856F2200E5B0FC /* ArkDetailTableViewCell.swift */ = {isa = PBXFileReference; fileEncoding = 4; lastKnownFileType = sourcecode.swift; path = ArkDetailTableViewCell.swift; sourceTree = "<group>"; };
		16810C491F856F2200E5B0FC /* ArkGradientView.swift */ = {isa = PBXFileReference; fileEncoding = 4; lastKnownFileType = sourcecode.swift; path = ArkGradientView.swift; sourceTree = "<group>"; };
		16810C4A1F856F2200E5B0FC /* ArkNavigationViewController.swift */ = {isa = PBXFileReference; fileEncoding = 4; lastKnownFileType = sourcecode.swift; path = ArkNavigationViewController.swift; sourceTree = "<group>"; };
		16810C4B1F856F2200E5B0FC /* ArkTableView.swift */ = {isa = PBXFileReference; fileEncoding = 4; lastKnownFileType = sourcecode.swift; path = ArkTableView.swift; sourceTree = "<group>"; };
		16810C4C1F856F2200E5B0FC /* ArkTextField.swift */ = {isa = PBXFileReference; fileEncoding = 4; lastKnownFileType = sourcecode.swift; path = ArkTextField.swift; sourceTree = "<group>"; };
		16810C4D1F856F2200E5B0FC /* ArkViewController.swift */ = {isa = PBXFileReference; fileEncoding = 4; lastKnownFileType = sourcecode.swift; path = ArkViewController.swift; sourceTree = "<group>"; };
		16810C4F1F856F2200E5B0FC /* MyDelegateViewController.swift */ = {isa = PBXFileReference; fileEncoding = 4; lastKnownFileType = sourcecode.swift; path = MyDelegateViewController.swift; sourceTree = "<group>"; };
		16810C511F856F2200E5B0FC /* AccountDetailViewController.swift */ = {isa = PBXFileReference; fileEncoding = 4; lastKnownFileType = sourcecode.swift; path = AccountDetailViewController.swift; sourceTree = "<group>"; };
		16810C521F856F2200E5B0FC /* BlockDetailViewController.swift */ = {isa = PBXFileReference; fileEncoding = 4; lastKnownFileType = sourcecode.swift; path = BlockDetailViewController.swift; sourceTree = "<group>"; };
		16810C531F856F2200E5B0FC /* ExplorerViewController.swift */ = {isa = PBXFileReference; fileEncoding = 4; lastKnownFileType = sourcecode.swift; path = ExplorerViewController.swift; sourceTree = "<group>"; };
		16810C551F856F2200E5B0FC /* ExplorerAccountTableViewCell.swift */ = {isa = PBXFileReference; fileEncoding = 4; lastKnownFileType = sourcecode.swift; path = ExplorerAccountTableViewCell.swift; sourceTree = "<group>"; };
		16810C561F856F2200E5B0FC /* ExplorerBlockTableViewCell.swift */ = {isa = PBXFileReference; fileEncoding = 4; lastKnownFileType = sourcecode.swift; path = ExplorerBlockTableViewCell.swift; sourceTree = "<group>"; };
		16810C571F856F2200E5B0FC /* ExplorerDelegateTableViewCell.swift */ = {isa = PBXFileReference; fileEncoding = 4; lastKnownFileType = sourcecode.swift; path = ExplorerDelegateTableViewCell.swift; sourceTree = "<group>"; };
		16810C581F856F2200E5B0FC /* ExplorerTransactionTableViewCell.swift */ = {isa = PBXFileReference; fileEncoding = 4; lastKnownFileType = sourcecode.swift; path = ExplorerTransactionTableViewCell.swift; sourceTree = "<group>"; };
		16810C591F856F2300E5B0FC /* ArkTabViewController.swift */ = {isa = PBXFileReference; fileEncoding = 4; lastKnownFileType = sourcecode.swift; path = ArkTabViewController.swift; sourceTree = "<group>"; };
		16810C5A1F856F2300E5B0FC /* ArkBackgroundFetch.swift */ = {isa = PBXFileReference; fileEncoding = 4; lastKnownFileType = sourcecode.swift; path = ArkBackgroundFetch.swift; sourceTree = "<group>"; };
		16810C5D1F856F2300E5B0FC /* CurrenctySelectionTableViewCell.swift */ = {isa = PBXFileReference; fileEncoding = 4; lastKnownFileType = sourcecode.swift; path = CurrenctySelectionTableViewCell.swift; sourceTree = "<group>"; };
		16810C5E1F856F2300E5B0FC /* CurrencySelectionViewController.swift */ = {isa = PBXFileReference; fileEncoding = 4; lastKnownFileType = sourcecode.swift; path = CurrencySelectionViewController.swift; sourceTree = "<group>"; };
		16810C611F856F2300E5B0FC /* SettingsIPTableViewCell.swift */ = {isa = PBXFileReference; fileEncoding = 4; lastKnownFileType = sourcecode.swift; path = SettingsIPTableViewCell.swift; sourceTree = "<group>"; };
		16810C621F856F2300E5B0FC /* SettingsPortTableViewCell.swift */ = {isa = PBXFileReference; fileEncoding = 4; lastKnownFileType = sourcecode.swift; path = SettingsPortTableViewCell.swift; sourceTree = "<group>"; };
		16810C631F856F2300E5B0FC /* SettingsSaveTableViewCell.swift */ = {isa = PBXFileReference; fileEncoding = 4; lastKnownFileType = sourcecode.swift; path = SettingsSaveTableViewCell.swift; sourceTree = "<group>"; };
		16810C641F856F2300E5B0FC /* SettingsServerNameTableViewCell.swift */ = {isa = PBXFileReference; fileEncoding = 4; lastKnownFileType = sourcecode.swift; path = SettingsServerNameTableViewCell.swift; sourceTree = "<group>"; };
		16810C651F856F2300E5B0FC /* SettingsSSLTableViewCell.swift */ = {isa = PBXFileReference; fileEncoding = 4; lastKnownFileType = sourcecode.swift; path = SettingsSSLTableViewCell.swift; sourceTree = "<group>"; };
		16810C671F856F2300E5B0FC /* SettingSelectionCustomTableViewCell.swift */ = {isa = PBXFileReference; fileEncoding = 4; lastKnownFileType = sourcecode.swift; path = SettingSelectionCustomTableViewCell.swift; sourceTree = "<group>"; };
		16810C681F856F2300E5B0FC /* SettingSelectionPresetTableViewCell.swift */ = {isa = PBXFileReference; fileEncoding = 4; lastKnownFileType = sourcecode.swift; path = SettingSelectionPresetTableViewCell.swift; sourceTree = "<group>"; };
		16810C691F856F2300E5B0FC /* SettingsSelectionAddServerTableViewCell.swift */ = {isa = PBXFileReference; fileEncoding = 4; lastKnownFileType = sourcecode.swift; path = SettingsSelectionAddServerTableViewCell.swift; sourceTree = "<group>"; };
		16810C6A1F856F2300E5B0FC /* Server.swift */ = {isa = PBXFileReference; fileEncoding = 4; lastKnownFileType = sourcecode.swift; path = Server.swift; sourceTree = "<group>"; };
		16810C6B1F856F2300E5B0FC /* ServerSelectionViewController.swift */ = {isa = PBXFileReference; fileEncoding = 4; lastKnownFileType = sourcecode.swift; path = ServerSelectionViewController.swift; sourceTree = "<group>"; };
		16810C6C1F856F2300E5B0FC /* SettingsCustomServerViewController.swift */ = {isa = PBXFileReference; fileEncoding = 4; lastKnownFileType = sourcecode.swift; path = SettingsCustomServerViewController.swift; sourceTree = "<group>"; };
		16810C6D1F856F2300E5B0FC /* SettingsCurrencyTableViewCell.swift */ = {isa = PBXFileReference; fileEncoding = 4; lastKnownFileType = sourcecode.swift; path = SettingsCurrencyTableViewCell.swift; sourceTree = "<group>"; };
		16810C6E1F856F2300E5B0FC /* SettingsDelegateTableViewCell.swift */ = {isa = PBXFileReference; fileEncoding = 4; lastKnownFileType = sourcecode.swift; path = SettingsDelegateTableViewCell.swift; sourceTree = "<group>"; };
		16810C6F1F856F2300E5B0FC /* SettingsLogoutTableViewCell.swift */ = {isa = PBXFileReference; fileEncoding = 4; lastKnownFileType = sourcecode.swift; path = SettingsLogoutTableViewCell.swift; sourceTree = "<group>"; };
		16810C701F856F2300E5B0FC /* SettingsServerTableViewCell.swift */ = {isa = PBXFileReference; fileEncoding = 4; lastKnownFileType = sourcecode.swift; path = SettingsServerTableViewCell.swift; sourceTree = "<group>"; };
		16810C711F856F2300E5B0FC /* SettingsTransactionsNotificationTableViewCell.swift */ = {isa = PBXFileReference; fileEncoding = 4; lastKnownFileType = sourcecode.swift; path = SettingsTransactionsNotificationTableViewCell.swift; sourceTree = "<group>"; };
		16810C721F856F2300E5B0FC /* SettingsViewController.swift */ = {isa = PBXFileReference; fileEncoding = 4; lastKnownFileType = sourcecode.swift; path = SettingsViewController.swift; sourceTree = "<group>"; };
		16810C731F856F2300E5B0FC /* ARKPushNotificationManager.swift */ = {isa = PBXFileReference; fileEncoding = 4; lastKnownFileType = sourcecode.swift; path = ARKPushNotificationManager.swift; sourceTree = "<group>"; };
		16810C751F856F2400E5B0FC /* AccountTransitionDelegate.swift */ = {isa = PBXFileReference; fileEncoding = 4; lastKnownFileType = sourcecode.swift; path = AccountTransitionDelegate.swift; sourceTree = "<group>"; };
		16810C761F856F2400E5B0FC /* AccountViewController.swift */ = {isa = PBXFileReference; fileEncoding = 4; lastKnownFileType = sourcecode.swift; path = AccountViewController.swift; sourceTree = "<group>"; };
		16810C771F856F2400E5B0FC /* ArkActivityView.swift */ = {isa = PBXFileReference; fileEncoding = 4; lastKnownFileType = sourcecode.swift; path = ArkActivityView.swift; sourceTree = "<group>"; };
		16810CAF1F856FC700E5B0FC /* ArkPalette.swift */ = {isa = PBXFileReference; fileEncoding = 4; lastKnownFileType = sourcecode.swift; path = ArkPalette.swift; sourceTree = "<group>"; };
		4E1E4032A0BBD3BDC693E99D /* Pods-ArkMonitor.debug.xcconfig */ = {isa = PBXFileReference; includeInIndex = 1; lastKnownFileType = text.xcconfig; name = "Pods-ArkMonitor.debug.xcconfig"; path = "Pods/Target Support Files/Pods-ArkMonitor/Pods-ArkMonitor.debug.xcconfig"; sourceTree = "<group>"; };
		9A103AF21E719A8800621D88 /* ArkMonitor.app */ = {isa = PBXFileReference; explicitFileType = wrapper.application; includeInIndex = 0; path = ArkMonitor.app; sourceTree = BUILT_PRODUCTS_DIR; };
		9A103AFC1E719A8800621D88 /* Assets.xcassets */ = {isa = PBXFileReference; lastKnownFileType = folder.assetcatalog; path = Assets.xcassets; sourceTree = "<group>"; };
		9A103AFF1E719A8800621D88 /* Base */ = {isa = PBXFileReference; lastKnownFileType = file.storyboard; name = Base; path = Base.lproj/LaunchScreen.storyboard; sourceTree = "<group>"; };
		9A103B011E719A8800621D88 /* Info.plist */ = {isa = PBXFileReference; lastKnownFileType = text.plist.xml; path = Info.plist; sourceTree = "<group>"; };
		9A103B071E719C6300621D88 /* AppDelegate.swift */ = {isa = PBXFileReference; fileEncoding = 4; lastKnownFileType = sourcecode.swift; path = AppDelegate.swift; sourceTree = "<group>"; };
		AED33999C395ABFC734C5C25 /* Pods_ArkMonitor.framework */ = {isa = PBXFileReference; explicitFileType = wrapper.framework; includeInIndex = 0; path = Pods_ArkMonitor.framework; sourceTree = BUILT_PRODUCTS_DIR; };
		DE14C90B39699DD8DF85A49B /* Pods-ArkMonitor.release.xcconfig */ = {isa = PBXFileReference; includeInIndex = 1; lastKnownFileType = text.xcconfig; name = "Pods-ArkMonitor.release.xcconfig"; path = "Pods/Target Support Files/Pods-ArkMonitor/Pods-ArkMonitor.release.xcconfig"; sourceTree = "<group>"; };
/* End PBXFileReference section */

/* Begin PBXFrameworksBuildPhase section */
		9A103AEF1E719A8800621D88 /* Frameworks */ = {
			isa = PBXFrameworksBuildPhase;
			buildActionMask = 2147483647;
			files = (
				50D0451C340D7A669AE07F70 /* Pods_ArkMonitor.framework in Frameworks */,
			);
			runOnlyForDeploymentPostprocessing = 0;
		};
/* End PBXFrameworksBuildPhase section */

/* Begin PBXGroup section */
		1047F9B6AC9D36E19C3CA62B /* Pods */ = {
			isa = PBXGroup;
			children = (
				4E1E4032A0BBD3BDC693E99D /* Pods-ArkMonitor.debug.xcconfig */,
				DE14C90B39699DD8DF85A49B /* Pods-ArkMonitor.release.xcconfig */,
			);
			name = Pods;
			sourceTree = "<group>";
		};
		12A2F8043D76DB3072CB68EC /* Frameworks */ = {
			isa = PBXGroup;
			children = (
				AED33999C395ABFC734C5C25 /* Pods_ArkMonitor.framework */,
			);
			name = Frameworks;
			sourceTree = "<group>";
		};
		16810C371F856F2200E5B0FC /* Delegate List */ = {
			isa = PBXGroup;
			children = (
				16810C381F856F2200E5B0FC /* DelegateDetailViewController.swift */,
				16810C391F856F2200E5B0FC /* DelegateListSectionHeaderView.swift */,
				16810C3A1F856F2200E5B0FC /* DelegateListViewController.swift */,
				16810C3B1F856F2200E5B0FC /* DelegateTableViewCell.swift */,
			);
			path = "Delegate List";
			sourceTree = "<group>";
		};
		16810C3F1F856F2200E5B0FC /* Home  */ = {
			isa = PBXGroup;
			children = (
				16810C401F856F2200E5B0FC /* HomeViewController.swift */,
				16810C411F856F2200E5B0FC /* ReceiveTransferViewController.swift */,
				16810C421F856F2200E5B0FC /* TransactionDetailViewController.swift */,
				16810C431F856F2200E5B0FC /* Views */,
			);
			path = "Home ";
			sourceTree = "<group>";
		};
		16810C431F856F2200E5B0FC /* Views */ = {
			isa = PBXGroup;
			children = (
				16810C441F856F2200E5B0FC /* HomeHeaderView.swift */,
				16810C451F856F2200E5B0FC /* HomeTransactionsTableViewCell.swift */,
			);
			path = Views;
			sourceTree = "<group>";
		};
		16810C461F856F2200E5B0FC /* Supporting Views */ = {
			isa = PBXGroup;
			children = (
				16810C471F856F2200E5B0FC /* ArkCopyableLabel.swift */,
				16810C481F856F2200E5B0FC /* ArkDetailTableViewCell.swift */,
				16810C491F856F2200E5B0FC /* ArkGradientView.swift */,
				16810C4A1F856F2200E5B0FC /* ArkNavigationViewController.swift */,
				16810C4B1F856F2200E5B0FC /* ArkTableView.swift */,
				16810C4C1F856F2200E5B0FC /* ArkTextField.swift */,
				16810C4D1F856F2200E5B0FC /* ArkViewController.swift */,
			);
			path = "Supporting Views";
			sourceTree = "<group>";
		};
		16810C4E1F856F2200E5B0FC /* My Delegate */ = {
			isa = PBXGroup;
			children = (
				16810C4F1F856F2200E5B0FC /* MyDelegateViewController.swift */,
			);
			path = "My Delegate";
			sourceTree = "<group>";
		};
		16810C501F856F2200E5B0FC /* Explorer */ = {
			isa = PBXGroup;
			children = (
				16810C511F856F2200E5B0FC /* AccountDetailViewController.swift */,
				16810C521F856F2200E5B0FC /* BlockDetailViewController.swift */,
				16810C531F856F2200E5B0FC /* ExplorerViewController.swift */,
				16810C541F856F2200E5B0FC /* Tableview Cells */,
			);
			path = Explorer;
			sourceTree = "<group>";
		};
		16810C541F856F2200E5B0FC /* Tableview Cells */ = {
			isa = PBXGroup;
			children = (
				16810C551F856F2200E5B0FC /* ExplorerAccountTableViewCell.swift */,
				16810C561F856F2200E5B0FC /* ExplorerBlockTableViewCell.swift */,
				16810C571F856F2200E5B0FC /* ExplorerDelegateTableViewCell.swift */,
				16810C581F856F2200E5B0FC /* ExplorerTransactionTableViewCell.swift */,
			);
			path = "Tableview Cells";
			sourceTree = "<group>";
		};
		16810C5B1F856F2300E5B0FC /* Settings */ = {
			isa = PBXGroup;
			children = (
				16810C5C1F856F2300E5B0FC /* Currency Selection */,
				16810C5F1F856F2300E5B0FC /* Server Selection */,
				16810C6D1F856F2300E5B0FC /* SettingsCurrencyTableViewCell.swift */,
				16810C6E1F856F2300E5B0FC /* SettingsDelegateTableViewCell.swift */,
				16810C6F1F856F2300E5B0FC /* SettingsLogoutTableViewCell.swift */,
				16810C701F856F2300E5B0FC /* SettingsServerTableViewCell.swift */,
				16810C711F856F2300E5B0FC /* SettingsTransactionsNotificationTableViewCell.swift */,
				16810C721F856F2300E5B0FC /* SettingsViewController.swift */,
			);
			path = Settings;
			sourceTree = "<group>";
		};
		16810C5C1F856F2300E5B0FC /* Currency Selection */ = {
			isa = PBXGroup;
			children = (
				16810C5D1F856F2300E5B0FC /* CurrenctySelectionTableViewCell.swift */,
				16810C5E1F856F2300E5B0FC /* CurrencySelectionViewController.swift */,
			);
			path = "Currency Selection";
			sourceTree = "<group>";
		};
		16810C5F1F856F2300E5B0FC /* Server Selection */ = {
			isa = PBXGroup;
			children = (
				16810C601F856F2300E5B0FC /* Custom Server Selection */,
				16810C661F856F2300E5B0FC /* Server Selection Table Views */,
				16810C6A1F856F2300E5B0FC /* Server.swift */,
				16810C6B1F856F2300E5B0FC /* ServerSelectionViewController.swift */,
				16810C6C1F856F2300E5B0FC /* SettingsCustomServerViewController.swift */,
			);
			path = "Server Selection";
			sourceTree = "<group>";
		};
		16810C601F856F2300E5B0FC /* Custom Server Selection */ = {
			isa = PBXGroup;
			children = (
				16810C611F856F2300E5B0FC /* SettingsIPTableViewCell.swift */,
				16810C621F856F2300E5B0FC /* SettingsPortTableViewCell.swift */,
				16810C631F856F2300E5B0FC /* SettingsSaveTableViewCell.swift */,
				16810C641F856F2300E5B0FC /* SettingsServerNameTableViewCell.swift */,
				16810C651F856F2300E5B0FC /* SettingsSSLTableViewCell.swift */,
			);
			path = "Custom Server Selection";
			sourceTree = "<group>";
		};
		16810C661F856F2300E5B0FC /* Server Selection Table Views */ = {
			isa = PBXGroup;
			children = (
				16810C671F856F2300E5B0FC /* SettingSelectionCustomTableViewCell.swift */,
				16810C681F856F2300E5B0FC /* SettingSelectionPresetTableViewCell.swift */,
				16810C691F856F2300E5B0FC /* SettingsSelectionAddServerTableViewCell.swift */,
			);
			path = "Server Selection Table Views";
			sourceTree = "<group>";
		};
		16810C741F856F2400E5B0FC /* Account Selection */ = {
			isa = PBXGroup;
			children = (
				16810C751F856F2400E5B0FC /* AccountTransitionDelegate.swift */,
				16810C761F856F2400E5B0FC /* AccountViewController.swift */,
			);
			path = "Account Selection";
			sourceTree = "<group>";
		};
		9A103AE91E719A8800621D88 = {
			isa = PBXGroup;
			children = (
				9A103AF41E719A8800621D88 /* ArkMonitor */,
				9A103AF31E719A8800621D88 /* Products */,
				1047F9B6AC9D36E19C3CA62B /* Pods */,
				12A2F8043D76DB3072CB68EC /* Frameworks */,
			);
			sourceTree = "<group>";
		};
		9A103AF31E719A8800621D88 /* Products */ = {
			isa = PBXGroup;
			children = (
				9A103AF21E719A8800621D88 /* ArkMonitor.app */,
			);
			name = Products;
			sourceTree = "<group>";
		};
		9A103AF41E719A8800621D88 /* ArkMonitor */ = {
			isa = PBXGroup;
			children = (
				9A103B071E719C6300621D88 /* AppDelegate.swift */,
				16810C771F856F2400E5B0FC /* ArkActivityView.swift */,
				16810C5A1F856F2300E5B0FC /* ArkBackgroundFetch.swift */,
				16810C3E1F856F2200E5B0FC /* ArkDataManager.swift */,
				16810C341F856F2100E5B0FC /* ArkNetworkManager.swift */,
				16810C361F856F2100E5B0FC /* ArkNotificationManager.swift */,
				16810C731F856F2300E5B0FC /* ARKPushNotificationManager.swift */,
				16810C591F856F2300E5B0FC /* ArkTabViewController.swift */,
				16810C741F856F2400E5B0FC /* Account Selection */,
				16810C371F856F2200E5B0FC /* Delegate List */,
				16810C501F856F2200E5B0FC /* Explorer */,
				16810C3F1F856F2200E5B0FC /* Home  */,
				16810C4E1F856F2200E5B0FC /* My Delegate */,
				16810C5B1F856F2300E5B0FC /* Settings */,
				16810C461F856F2200E5B0FC /* Supporting Views */,
				16810C3C1F856F2200E5B0FC /* SwiftyArk+Extensions.swift */,
				16810C3D1F856F2200E5B0FC /* TickerInfo.swift */,
				16810CAF1F856FC700E5B0FC /* ArkPalette.swift */,
				9A103AFC1E719A8800621D88 /* Assets.xcassets */,
				9A103AFE1E719A8800621D88 /* LaunchScreen.storyboard */,
				9A103B011E719A8800621D88 /* Info.plist */,
			);
			path = ArkMonitor;
			sourceTree = "<group>";
		};
/* End PBXGroup section */

/* Begin PBXNativeTarget section */
		9A103AF11E719A8800621D88 /* ArkMonitor */ = {
			isa = PBXNativeTarget;
			buildConfigurationList = 9A103B041E719A8800621D88 /* Build configuration list for PBXNativeTarget "ArkMonitor" */;
			buildPhases = (
				4FC0E139399AE2B0B4D0B760 /* [CP] Check Pods Manifest.lock */,
				9A103AEE1E719A8800621D88 /* Sources */,
				9A103AEF1E719A8800621D88 /* Frameworks */,
				9A103AF01E719A8800621D88 /* Resources */,
				25D5C9B967C41DF6DDDBC435 /* [CP] Embed Pods Frameworks */,
				BDAD00AC34CC9BCCCD04D2FF /* [CP] Copy Pods Resources */,
			);
			buildRules = (
			);
			dependencies = (
			);
			name = ArkMonitor;
			productName = ArkMonitor;
			productReference = 9A103AF21E719A8800621D88 /* ArkMonitor.app */;
			productType = "com.apple.product-type.application";
		};
/* End PBXNativeTarget section */

/* Begin PBXProject section */
		9A103AEA1E719A8800621D88 /* Project object */ = {
			isa = PBXProject;
			attributes = {
				LastSwiftUpdateCheck = 0820;
				LastUpgradeCheck = 0900;
				ORGANIZATIONNAME = vrlc92;
				TargetAttributes = {
					9A103AF11E719A8800621D88 = {
						CreatedOnToolsVersion = 8.2.1;
						DevelopmentTeam = 427VB57543;
						LastSwiftMigration = 0900;
						ProvisioningStyle = Automatic;
					};
				};
			};
			buildConfigurationList = 9A103AED1E719A8800621D88 /* Build configuration list for PBXProject "ArkMonitor" */;
			compatibilityVersion = "Xcode 3.2";
			developmentRegion = English;
			hasScannedForEncodings = 0;
			knownRegions = (
				en,
				Base,
			);
			mainGroup = 9A103AE91E719A8800621D88;
			productRefGroup = 9A103AF31E719A8800621D88 /* Products */;
			projectDirPath = "";
			projectRoot = "";
			targets = (
				9A103AF11E719A8800621D88 /* ArkMonitor */,
			);
		};
/* End PBXProject section */

/* Begin PBXResourcesBuildPhase section */
		9A103AF01E719A8800621D88 /* Resources */ = {
			isa = PBXResourcesBuildPhase;
			buildActionMask = 2147483647;
			files = (
				9A103B001E719A8800621D88 /* LaunchScreen.storyboard in Resources */,
				9A103AFD1E719A8800621D88 /* Assets.xcassets in Resources */,
			);
			runOnlyForDeploymentPostprocessing = 0;
		};
/* End PBXResourcesBuildPhase section */

/* Begin PBXShellScriptBuildPhase section */
		25D5C9B967C41DF6DDDBC435 /* [CP] Embed Pods Frameworks */ = {
			isa = PBXShellScriptBuildPhase;
			buildActionMask = 2147483647;
			files = (
			);
			inputPaths = (
				"${SRCROOT}/Pods/Target Support Files/Pods-ArkMonitor/Pods-ArkMonitor-frameworks.sh",
				"${BUILT_PRODUCTS_DIR}/Disk/Disk.framework",
				"${BUILT_PRODUCTS_DIR}/MarqueeLabel/MarqueeLabel.framework",
				"${BUILT_PRODUCTS_DIR}/NotificationBannerSwift/NotificationBannerSwift.framework",
				"${BUILT_PRODUCTS_DIR}/SnapKit/SnapKit.framework",
				"${BUILT_PRODUCTS_DIR}/SwiftyArk/SwiftyArk.framework",
			);
			name = "[CP] Embed Pods Frameworks";
			outputPaths = (
				"${TARGET_BUILD_DIR}/${FRAMEWORKS_FOLDER_PATH}/Disk.framework",
				"${TARGET_BUILD_DIR}/${FRAMEWORKS_FOLDER_PATH}/MarqueeLabel.framework",
				"${TARGET_BUILD_DIR}/${FRAMEWORKS_FOLDER_PATH}/NotificationBannerSwift.framework",
				"${TARGET_BUILD_DIR}/${FRAMEWORKS_FOLDER_PATH}/SnapKit.framework",
				"${TARGET_BUILD_DIR}/${FRAMEWORKS_FOLDER_PATH}/SwiftyArk.framework",
			);
			runOnlyForDeploymentPostprocessing = 0;
			shellPath = /bin/sh;
			shellScript = "\"${SRCROOT}/Pods/Target Support Files/Pods-ArkMonitor/Pods-ArkMonitor-frameworks.sh\"\n";
			showEnvVarsInLog = 0;
		};
		4FC0E139399AE2B0B4D0B760 /* [CP] Check Pods Manifest.lock */ = {
			isa = PBXShellScriptBuildPhase;
			buildActionMask = 2147483647;
			files = (
			);
			inputPaths = (
				"${PODS_PODFILE_DIR_PATH}/Podfile.lock",
				"${PODS_ROOT}/Manifest.lock",
			);
			name = "[CP] Check Pods Manifest.lock";
			outputPaths = (
				"$(DERIVED_FILE_DIR)/Pods-ArkMonitor-checkManifestLockResult.txt",
			);
			runOnlyForDeploymentPostprocessing = 0;
			shellPath = /bin/sh;
			shellScript = "diff \"${PODS_PODFILE_DIR_PATH}/Podfile.lock\" \"${PODS_ROOT}/Manifest.lock\" > /dev/null\nif [ $? != 0 ] ; then\n    # print error to STDERR\n    echo \"error: The sandbox is not in sync with the Podfile.lock. Run 'pod install' or update your CocoaPods installation.\" >&2\n    exit 1\nfi\n# This output is used by Xcode 'outputs' to avoid re-running this script phase.\necho \"SUCCESS\" > \"${SCRIPT_OUTPUT_FILE_0}\"\n";
			showEnvVarsInLog = 0;
		};
		BDAD00AC34CC9BCCCD04D2FF /* [CP] Copy Pods Resources */ = {
			isa = PBXShellScriptBuildPhase;
			buildActionMask = 2147483647;
			files = (
			);
			inputPaths = (
			);
			name = "[CP] Copy Pods Resources";
			outputPaths = (
			);
			runOnlyForDeploymentPostprocessing = 0;
			shellPath = /bin/sh;
			shellScript = "\"${SRCROOT}/Pods/Target Support Files/Pods-ArkMonitor/Pods-ArkMonitor-resources.sh\"\n";
			showEnvVarsInLog = 0;
		};
/* End PBXShellScriptBuildPhase section */

/* Begin PBXSourcesBuildPhase section */
		9A103AEE1E719A8800621D88 /* Sources */ = {
			isa = PBXSourcesBuildPhase;
			buildActionMask = 2147483647;
			files = (
				16810CB01F856FC700E5B0FC /* ArkPalette.swift in Sources */,
				16810C971F856F2400E5B0FC /* ArkBackgroundFetch.swift in Sources */,
				16810C7D1F856F2400E5B0FC /* DelegateListViewController.swift in Sources */,
				16810C8E1F856F2400E5B0FC /* MyDelegateViewController.swift in Sources */,
				16810C8D1F856F2400E5B0FC /* ArkViewController.swift in Sources */,
				16810CA91F856F2400E5B0FC /* SettingsTransactionsNotificationTableViewCell.swift in Sources */,
				16810C9F1F856F2400E5B0FC /* SettingSelectionCustomTableViewCell.swift in Sources */,
				16810C9B1F856F2400E5B0FC /* SettingsPortTableViewCell.swift in Sources */,
				16810CA21F856F2400E5B0FC /* Server.swift in Sources */,
				16810CA31F856F2400E5B0FC /* ServerSelectionViewController.swift in Sources */,
				16810C901F856F2400E5B0FC /* BlockDetailViewController.swift in Sources */,
				16810C7F1F856F2400E5B0FC /* SwiftyArk+Extensions.swift in Sources */,
				16810C7C1F856F2400E5B0FC /* DelegateListSectionHeaderView.swift in Sources */,
				16810C7B1F856F2400E5B0FC /* DelegateDetailViewController.swift in Sources */,
				16810C8C1F856F2400E5B0FC /* ArkTextField.swift in Sources */,
				16810CA41F856F2400E5B0FC /* SettingsCustomServerViewController.swift in Sources */,
				9A103B551E719C6300621D88 /* AppDelegate.swift in Sources */,
				16810C981F856F2400E5B0FC /* CurrenctySelectionTableViewCell.swift in Sources */,
				16810C961F856F2400E5B0FC /* ArkTabViewController.swift in Sources */,
				16810C871F856F2400E5B0FC /* ArkCopyableLabel.swift in Sources */,
				16810C7E1F856F2400E5B0FC /* DelegateTableViewCell.swift in Sources */,
				16810C8A1F856F2400E5B0FC /* ArkNavigationViewController.swift in Sources */,
				16810CAD1F856F2400E5B0FC /* AccountViewController.swift in Sources */,
				16810CA71F856F2400E5B0FC /* SettingsLogoutTableViewCell.swift in Sources */,
				16810C8F1F856F2400E5B0FC /* AccountDetailViewController.swift in Sources */,
				16810CAA1F856F2400E5B0FC /* SettingsViewController.swift in Sources */,
				16810C991F856F2400E5B0FC /* CurrencySelectionViewController.swift in Sources */,
				16810C851F856F2400E5B0FC /* HomeHeaderView.swift in Sources */,
				16810CA51F856F2400E5B0FC /* SettingsCurrencyTableViewCell.swift in Sources */,
				16810C891F856F2400E5B0FC /* ArkGradientView.swift in Sources */,
				16810CAE1F856F2400E5B0FC /* ArkActivityView.swift in Sources */,
				16810CAC1F856F2400E5B0FC /* AccountTransitionDelegate.swift in Sources */,
				16810C811F856F2400E5B0FC /* ArkDataManager.swift in Sources */,
				16810C941F856F2400E5B0FC /* ExplorerDelegateTableViewCell.swift in Sources */,
				16810C781F856F2400E5B0FC /* ArkNetworkManager.swift in Sources */,
				16810C881F856F2400E5B0FC /* ArkDetailTableViewCell.swift in Sources */,
				16810C831F856F2400E5B0FC /* ReceiveTransferViewController.swift in Sources */,
				16810C9A1F856F2400E5B0FC /* SettingsIPTableViewCell.swift in Sources */,
				16810C8B1F856F2400E5B0FC /* ArkTableView.swift in Sources */,
				16810C9D1F856F2400E5B0FC /* SettingsServerNameTableViewCell.swift in Sources */,
				16810CA11F856F2400E5B0FC /* SettingsSelectionAddServerTableViewCell.swift in Sources */,
				16810C861F856F2400E5B0FC /* HomeTransactionsTableViewCell.swift in Sources */,
				16810C951F856F2400E5B0FC /* ExplorerTransactionTableViewCell.swift in Sources */,
				16810CA61F856F2400E5B0FC /* SettingsDelegateTableViewCell.swift in Sources */,
				16810C921F856F2400E5B0FC /* ExplorerAccountTableViewCell.swift in Sources */,
				16810C7A1F856F2400E5B0FC /* ArkNotificationManager.swift in Sources */,
				16810CA81F856F2400E5B0FC /* SettingsServerTableViewCell.swift in Sources */,
				16810C931F856F2400E5B0FC /* ExplorerBlockTableViewCell.swift in Sources */,
				16810C9C1F856F2400E5B0FC /* SettingsSaveTableViewCell.swift in Sources */,
				16810CA01F856F2400E5B0FC /* SettingSelectionPresetTableViewCell.swift in Sources */,
				16810C801F856F2400E5B0FC /* TickerInfo.swift in Sources */,
				16810CAB1F856F2400E5B0FC /* ARKPushNotificationManager.swift in Sources */,
				16810C841F856F2400E5B0FC /* TransactionDetailViewController.swift in Sources */,
				16810C911F856F2400E5B0FC /* ExplorerViewController.swift in Sources */,
				16810C821F856F2400E5B0FC /* HomeViewController.swift in Sources */,
				16810C9E1F856F2400E5B0FC /* SettingsSSLTableViewCell.swift in Sources */,
			);
			runOnlyForDeploymentPostprocessing = 0;
		};
/* End PBXSourcesBuildPhase section */

/* Begin PBXVariantGroup section */
		9A103AFE1E719A8800621D88 /* LaunchScreen.storyboard */ = {
			isa = PBXVariantGroup;
			children = (
				9A103AFF1E719A8800621D88 /* Base */,
			);
			name = LaunchScreen.storyboard;
			sourceTree = "<group>";
		};
/* End PBXVariantGroup section */

/* Begin XCBuildConfiguration section */
		9A103B021E719A8800621D88 /* Debug */ = {
			isa = XCBuildConfiguration;
			buildSettings = {
				ALWAYS_SEARCH_USER_PATHS = NO;
				CLANG_ANALYZER_NONNULL = YES;
				CLANG_CXX_LANGUAGE_STANDARD = "gnu++0x";
				CLANG_CXX_LIBRARY = "libc++";
				CLANG_ENABLE_MODULES = YES;
				CLANG_ENABLE_OBJC_ARC = YES;
				CLANG_WARN_BLOCK_CAPTURE_AUTORELEASING = YES;
				CLANG_WARN_BOOL_CONVERSION = YES;
				CLANG_WARN_COMMA = YES;
				CLANG_WARN_CONSTANT_CONVERSION = YES;
				CLANG_WARN_DIRECT_OBJC_ISA_USAGE = YES_ERROR;
				CLANG_WARN_DOCUMENTATION_COMMENTS = YES;
				CLANG_WARN_EMPTY_BODY = YES;
				CLANG_WARN_ENUM_CONVERSION = YES;
				CLANG_WARN_INFINITE_RECURSION = YES;
				CLANG_WARN_INT_CONVERSION = YES;
				CLANG_WARN_NON_LITERAL_NULL_CONVERSION = YES;
				CLANG_WARN_OBJC_LITERAL_CONVERSION = YES;
				CLANG_WARN_OBJC_ROOT_CLASS = YES_ERROR;
				CLANG_WARN_RANGE_LOOP_ANALYSIS = YES;
				CLANG_WARN_STRICT_PROTOTYPES = YES;
				CLANG_WARN_SUSPICIOUS_MOVE = YES;
				CLANG_WARN_UNREACHABLE_CODE = YES;
				CLANG_WARN__DUPLICATE_METHOD_MATCH = YES;
				"CODE_SIGN_IDENTITY[sdk=iphoneos*]" = "iPhone Developer";
				COPY_PHASE_STRIP = NO;
				DEBUG_INFORMATION_FORMAT = dwarf;
				ENABLE_STRICT_OBJC_MSGSEND = YES;
				ENABLE_TESTABILITY = YES;
				GCC_C_LANGUAGE_STANDARD = gnu99;
				GCC_DYNAMIC_NO_PIC = NO;
				GCC_NO_COMMON_BLOCKS = YES;
				GCC_OPTIMIZATION_LEVEL = 0;
				GCC_PREPROCESSOR_DEFINITIONS = (
					"DEBUG=1",
					"$(inherited)",
				);
				GCC_WARN_64_TO_32_BIT_CONVERSION = YES;
				GCC_WARN_ABOUT_RETURN_TYPE = YES_ERROR;
				GCC_WARN_UNDECLARED_SELECTOR = YES;
				GCC_WARN_UNINITIALIZED_AUTOS = YES_AGGRESSIVE;
				GCC_WARN_UNUSED_FUNCTION = YES;
				GCC_WARN_UNUSED_VARIABLE = YES;
				IPHONEOS_DEPLOYMENT_TARGET = 10.2;
				MTL_ENABLE_DEBUG_INFO = YES;
				ONLY_ACTIVE_ARCH = YES;
				SDKROOT = iphoneos;
				SWIFT_ACTIVE_COMPILATION_CONDITIONS = DEBUG;
				SWIFT_OPTIMIZATION_LEVEL = "-Onone";
			};
			name = Debug;
		};
		9A103B031E719A8800621D88 /* Release */ = {
			isa = XCBuildConfiguration;
			buildSettings = {
				ALWAYS_SEARCH_USER_PATHS = NO;
				CLANG_ANALYZER_NONNULL = YES;
				CLANG_CXX_LANGUAGE_STANDARD = "gnu++0x";
				CLANG_CXX_LIBRARY = "libc++";
				CLANG_ENABLE_MODULES = YES;
				CLANG_ENABLE_OBJC_ARC = YES;
				CLANG_WARN_BLOCK_CAPTURE_AUTORELEASING = YES;
				CLANG_WARN_BOOL_CONVERSION = YES;
				CLANG_WARN_COMMA = YES;
				CLANG_WARN_CONSTANT_CONVERSION = YES;
				CLANG_WARN_DIRECT_OBJC_ISA_USAGE = YES_ERROR;
				CLANG_WARN_DOCUMENTATION_COMMENTS = YES;
				CLANG_WARN_EMPTY_BODY = YES;
				CLANG_WARN_ENUM_CONVERSION = YES;
				CLANG_WARN_INFINITE_RECURSION = YES;
				CLANG_WARN_INT_CONVERSION = YES;
				CLANG_WARN_NON_LITERAL_NULL_CONVERSION = YES;
				CLANG_WARN_OBJC_LITERAL_CONVERSION = YES;
				CLANG_WARN_OBJC_ROOT_CLASS = YES_ERROR;
				CLANG_WARN_RANGE_LOOP_ANALYSIS = YES;
				CLANG_WARN_STRICT_PROTOTYPES = YES;
				CLANG_WARN_SUSPICIOUS_MOVE = YES;
				CLANG_WARN_UNREACHABLE_CODE = YES;
				CLANG_WARN__DUPLICATE_METHOD_MATCH = YES;
				"CODE_SIGN_IDENTITY[sdk=iphoneos*]" = "iPhone Developer";
				COPY_PHASE_STRIP = NO;
				DEBUG_INFORMATION_FORMAT = "dwarf-with-dsym";
				ENABLE_NS_ASSERTIONS = NO;
				ENABLE_STRICT_OBJC_MSGSEND = YES;
				GCC_C_LANGUAGE_STANDARD = gnu99;
				GCC_NO_COMMON_BLOCKS = YES;
				GCC_WARN_64_TO_32_BIT_CONVERSION = YES;
				GCC_WARN_ABOUT_RETURN_TYPE = YES_ERROR;
				GCC_WARN_UNDECLARED_SELECTOR = YES;
				GCC_WARN_UNINITIALIZED_AUTOS = YES_AGGRESSIVE;
				GCC_WARN_UNUSED_FUNCTION = YES;
				GCC_WARN_UNUSED_VARIABLE = YES;
				IPHONEOS_DEPLOYMENT_TARGET = 10.2;
				MTL_ENABLE_DEBUG_INFO = NO;
				SDKROOT = iphoneos;
				SWIFT_OPTIMIZATION_LEVEL = "-Owholemodule";
				VALIDATE_PRODUCT = YES;
			};
			name = Release;
		};
		9A103B051E719A8800621D88 /* Debug */ = {
			isa = XCBuildConfiguration;
			baseConfigurationReference = 4E1E4032A0BBD3BDC693E99D /* Pods-ArkMonitor.debug.xcconfig */;
			buildSettings = {
				ALWAYS_EMBED_SWIFT_STANDARD_LIBRARIES = YES;
				ASSETCATALOG_COMPILER_APPICON_NAME = AppIcon;
				CLANG_ENABLE_MODULES = YES;
				"CODE_SIGN_IDENTITY[sdk=iphoneos*]" = "iPhone Developer";
				DEVELOPMENT_TEAM = 427VB57543;
				INFOPLIST_FILE = ArkMonitor/Info.plist;
				LD_RUNPATH_SEARCH_PATHS = "$(inherited) @executable_path/Frameworks";
				PRODUCT_BUNDLE_IDENTIFIER = com.vrlc92.ArkMonitor123;
				PRODUCT_NAME = "$(TARGET_NAME)";
				SWIFT_OPTIMIZATION_LEVEL = "-Onone";
				SWIFT_SWIFT3_OBJC_INFERENCE = Default;
				SWIFT_VERSION = 4.0;
			};
			name = Debug;
		};
		9A103B061E719A8800621D88 /* Release */ = {
			isa = XCBuildConfiguration;
			baseConfigurationReference = DE14C90B39699DD8DF85A49B /* Pods-ArkMonitor.release.xcconfig */;
			buildSettings = {
				ALWAYS_EMBED_SWIFT_STANDARD_LIBRARIES = YES;
				ASSETCATALOG_COMPILER_APPICON_NAME = AppIcon;
				CLANG_ENABLE_MODULES = YES;
				"CODE_SIGN_IDENTITY[sdk=iphoneos*]" = "iPhone Developer";
				DEVELOPMENT_TEAM = 427VB57543;
				INFOPLIST_FILE = ArkMonitor/Info.plist;
				LD_RUNPATH_SEARCH_PATHS = "$(inherited) @executable_path/Frameworks";
				PRODUCT_BUNDLE_IDENTIFIER = com.vrlc92.ArkMonitor123;
				PRODUCT_NAME = "$(TARGET_NAME)";
				SWIFT_SWIFT3_OBJC_INFERENCE = Default;
				SWIFT_VERSION = 4.0;
			};
			name = Release;
		};
/* End XCBuildConfiguration section */

/* Begin XCConfigurationList section */
		9A103AED1E719A8800621D88 /* Build configuration list for PBXProject "ArkMonitor" */ = {
			isa = XCConfigurationList;
			buildConfigurations = (
				9A103B021E719A8800621D88 /* Debug */,
				9A103B031E719A8800621D88 /* Release */,
			);
			defaultConfigurationIsVisible = 0;
			defaultConfigurationName = Release;
		};
		9A103B041E719A8800621D88 /* Build configuration list for PBXNativeTarget "ArkMonitor" */ = {
			isa = XCConfigurationList;
			buildConfigurations = (
				9A103B051E719A8800621D88 /* Debug */,
				9A103B061E719A8800621D88 /* Release */,
			);
			defaultConfigurationIsVisible = 0;
			defaultConfigurationName = Release;
		};
/* End XCConfigurationList section */
	};
	rootObject = 9A103AEA1E719A8800621D88 /* Project object */;
}
