// !$*UTF8*$!
{
	archiveVersion = 1;
	classes = {
	};
	objectVersion = 46;
	objects = {

/* Begin PBXBuildFile section */
		16089A041F679F4D0051E267 /* DelegateSectionHeaderView.swift in Sources */ = {isa = PBXBuildFile; fileRef = 16089A031F679F4D0051E267 /* DelegateSectionHeaderView.swift */; };
		16089A061F67A16A0051E267 /* DelegateTableViewCell.swift in Sources */ = {isa = PBXBuildFile; fileRef = 16089A051F67A16A0051E267 /* DelegateTableViewCell.swift */; };
		162149681F6990A500F33CAF /* SettingViewController.swift in Sources */ = {isa = PBXBuildFile; fileRef = 162149671F6990A500F33CAF /* SettingViewController.swift */; };
		1621496A1F69925300F33CAF /* SettingsUsernameTableViewCell.swift in Sources */ = {isa = PBXBuildFile; fileRef = 162149691F69925300F33CAF /* SettingsUsernameTableViewCell.swift */; };
		1621496D1F69957F00F33CAF /* ArkTextField.swift in Sources */ = {isa = PBXBuildFile; fileRef = 1621496C1F69957F00F33CAF /* ArkTextField.swift */; };
		1621496F1F69994900F33CAF /* SettingsServerTableViewCell.swift in Sources */ = {isa = PBXBuildFile; fileRef = 1621496E1F69994900F33CAF /* SettingsServerTableViewCell.swift */; };
		162149711F69A19F00F33CAF /* SettingsSaveTableViewCell.swift in Sources */ = {isa = PBXBuildFile; fileRef = 162149701F69A19F00F33CAF /* SettingsSaveTableViewCell.swift */; };
		162149731F69A21B00F33CAF /* UIButton+Extension.swift in Sources */ = {isa = PBXBuildFile; fileRef = 162149721F69A21B00F33CAF /* UIButton+Extension.swift */; };
		162149761F69A5C200F33CAF /* SettingsIPTableViewCell.swift in Sources */ = {isa = PBXBuildFile; fileRef = 162149751F69A5C200F33CAF /* SettingsIPTableViewCell.swift */; };
		162149781F69A7C500F33CAF /* SettingsPortTableViewCell.swift in Sources */ = {isa = PBXBuildFile; fileRef = 162149771F69A7C500F33CAF /* SettingsPortTableViewCell.swift */; };
		1621497A1F69A9B300F33CAF /* SettingsSSLTableViewCell.swift in Sources */ = {isa = PBXBuildFile; fileRef = 162149791F69A9B300F33CAF /* SettingsSSLTableViewCell.swift */; };
		1632ED3D1F6AFFAA00A867B7 /* SettingsSelectionAddServerTableViewCell.swift in Sources */ = {isa = PBXBuildFile; fileRef = 1632ED3C1F6AFFAA00A867B7 /* SettingsSelectionAddServerTableViewCell.swift */; };
		1632ED3F1F6B0AAB00A867B7 /* ArkCustomServerManager.swift in Sources */ = {isa = PBXBuildFile; fileRef = 1632ED3E1F6B0AAB00A867B7 /* ArkCustomServerManager.swift */; };
		1632ED411F6B0F0700A867B7 /* SettingSelectionCustomTableViewCell.swift in Sources */ = {isa = PBXBuildFile; fileRef = 1632ED401F6B0F0700A867B7 /* SettingSelectionCustomTableViewCell.swift */; };
		163EB5991F67AA42001074F2 /* PeerSectionHeader.swift in Sources */ = {isa = PBXBuildFile; fileRef = 163EB5981F67AA42001074F2 /* PeerSectionHeader.swift */; };
		163EB59B1F67ABC2001074F2 /* PeerTableViewCell.swift in Sources */ = {isa = PBXBuildFile; fileRef = 163EB59A1F67ABC2001074F2 /* PeerTableViewCell.swift */; };
		164919C71F68880B003A8B08 /* ArkTableView.swift in Sources */ = {isa = PBXBuildFile; fileRef = 164919C61F68880B003A8B08 /* ArkTableView.swift */; };
		1656B5D91F682FE4006FCDE5 /* ForgedBlockViewController.swift in Sources */ = {isa = PBXBuildFile; fileRef = 1656B5D81F682FE4006FCDE5 /* ForgedBlockViewController.swift */; };
		1656B5DB1F6830AF006FCDE5 /* ForgedBlockSectionHeader.swift in Sources */ = {isa = PBXBuildFile; fileRef = 1656B5DA1F6830AF006FCDE5 /* ForgedBlockSectionHeader.swift */; };
		1656B5DD1F6831BF006FCDE5 /* ForgedBlockTableViewCell.swift in Sources */ = {isa = PBXBuildFile; fileRef = 1656B5DC1F6831BF006FCDE5 /* ForgedBlockTableViewCell.swift */; };
		1656B5DF1F68345A006FCDE5 /* MiscViewController.swift in Sources */ = {isa = PBXBuildFile; fileRef = 1656B5DE1F68345A006FCDE5 /* MiscViewController.swift */; };
		1656B5E41F683D34006FCDE5 /* VotesSectionHeader.swift in Sources */ = {isa = PBXBuildFile; fileRef = 1656B5E31F683D34006FCDE5 /* VotesSectionHeader.swift */; };
		1656B5E61F683E38006FCDE5 /* VotersSectionHeader.swift in Sources */ = {isa = PBXBuildFile; fileRef = 1656B5E51F683E38006FCDE5 /* VotersSectionHeader.swift */; };
		1656B5E81F683FA2006FCDE5 /* VotesTableViewCell.swift in Sources */ = {isa = PBXBuildFile; fileRef = 1656B5E71F683FA2006FCDE5 /* VotesTableViewCell.swift */; };
		1656B5EA1F6840EA006FCDE5 /* VotersTableViewCell.swift in Sources */ = {isa = PBXBuildFile; fileRef = 1656B5E91F6840EA006FCDE5 /* VotersTableViewCell.swift */; };
		1656B5EC1F685067006FCDE5 /* LastestTransactionViewController.swift in Sources */ = {isa = PBXBuildFile; fileRef = 1656B5EB1F685067006FCDE5 /* LastestTransactionViewController.swift */; };
		1656B5EE1F685B71006FCDE5 /* LatestTransactionTableViewCell.swift in Sources */ = {isa = PBXBuildFile; fileRef = 1656B5ED1F685B71006FCDE5 /* LatestTransactionTableViewCell.swift */; };
		1656B5F01F685EC8006FCDE5 /* LatestTransactionsSectionHeaderView.swift in Sources */ = {isa = PBXBuildFile; fileRef = 1656B5EF1F685EC8006FCDE5 /* LatestTransactionsSectionHeaderView.swift */; };
		1656B5F21F686F9C006FCDE5 /* TransactionDetailViewController.swift in Sources */ = {isa = PBXBuildFile; fileRef = 1656B5F11F686F9C006FCDE5 /* TransactionDetailViewController.swift */; };
		1656B5F41F687287006FCDE5 /* TransactionDetailTableViewCell.swift in Sources */ = {isa = PBXBuildFile; fileRef = 1656B5F31F687287006FCDE5 /* TransactionDetailTableViewCell.swift */; };
		1656B5F71F6874EE006FCDE5 /* ArkDataManager.swift in Sources */ = {isa = PBXBuildFile; fileRef = 1656B5F61F6874EE006FCDE5 /* ArkDataManager.swift */; };
		1656B5F91F687852006FCDE5 /* ArkNotificationManager.swift in Sources */ = {isa = PBXBuildFile; fileRef = 1656B5F81F687852006FCDE5 /* ArkNotificationManager.swift */; };
		169FB77D1F6778B600DDDBD9 /* HomeBalanceTableViewCell.swift in Sources */ = {isa = PBXBuildFile; fileRef = 169FB77C1F6778B600DDDBD9 /* HomeBalanceTableViewCell.swift */; };
		169FB77F1F67855800DDDBD9 /* HomeAddressTableViewCell.swift in Sources */ = {isa = PBXBuildFile; fileRef = 169FB77E1F67855800DDDBD9 /* HomeAddressTableViewCell.swift */; };
		169FB7811F6786B900DDDBD9 /* HomeServerTableViewCell.swift in Sources */ = {isa = PBXBuildFile; fileRef = 169FB7801F6786B900DDDBD9 /* HomeServerTableViewCell.swift */; };
		169FB7831F67889B00DDDBD9 /* HomeVersionTableViewCell.swift in Sources */ = {isa = PBXBuildFile; fileRef = 169FB7821F67889B00DDDBD9 /* HomeVersionTableViewCell.swift */; };
		169FB7861F678A3F00DDDBD9 /* HomeTableViewCell.swift in Sources */ = {isa = PBXBuildFile; fileRef = 169FB7851F678A3F00DDDBD9 /* HomeTableViewCell.swift */; };
		169FB78C1F679AFF00DDDBD9 /* DelegateViewController.swift in Sources */ = {isa = PBXBuildFile; fileRef = 169FB78B1F679AFF00DDDBD9 /* DelegateViewController.swift */; };
		16A9AFEC1F69E0C7001838ED /* UINavigationBar+Extension.swift in Sources */ = {isa = PBXBuildFile; fileRef = 16A9AFEB1F69E0C7001838ED /* UINavigationBar+Extension.swift */; };
		16A9AFEE1F69EA29001838ED /* UIImage+Extension.swift in Sources */ = {isa = PBXBuildFile; fileRef = 16A9AFED1F69EA29001838ED /* UIImage+Extension.swift */; };
		16A9AFF01F6A031C001838ED /* ArkViewController.swift in Sources */ = {isa = PBXBuildFile; fileRef = 16A9AFEF1F6A031C001838ED /* ArkViewController.swift */; };
		16A9AFF21F6AEDFD001838ED /* Server.swift in Sources */ = {isa = PBXBuildFile; fileRef = 16A9AFF11F6AEDFD001838ED /* Server.swift */; };
		16A9AFF41F6AF08D001838ED /* SettingSelectionViewController.swift in Sources */ = {isa = PBXBuildFile; fileRef = 16A9AFF31F6AF08D001838ED /* SettingSelectionViewController.swift */; };
		16A9AFF61F6AF703001838ED /* SettingSelectionPresetTableViewCell.swift in Sources */ = {isa = PBXBuildFile; fileRef = 16A9AFF51F6AF703001838ED /* SettingSelectionPresetTableViewCell.swift */; };
		16A9AFF81F6AFB8E001838ED /* SettingsSelectionUsernameTableViewCell.swift in Sources */ = {isa = PBXBuildFile; fileRef = 16A9AFF71F6AFB8E001838ED /* SettingsSelectionUsernameTableViewCell.swift */; };
		16D14DE71F6731C800C4B765 /* ArkActivityView.swift in Sources */ = {isa = PBXBuildFile; fileRef = 16D14DE61F6731C800C4B765 /* ArkActivityView.swift */; };
		16D14DF01F6745CB00C4B765 /* ArkColors.swift in Sources */ = {isa = PBXBuildFile; fileRef = 16D14DEF1F6745CB00C4B765 /* ArkColors.swift */; };
		16D9A3BC1F67521C00AA0637 /* HomeViewController.swift in Sources */ = {isa = PBXBuildFile; fileRef = 16D9A3BB1F67521C00AA0637 /* HomeViewController.swift */; };
		16D9A3BE1F67548E00AA0637 /* HomeDelegateTableViewCell.swift in Sources */ = {isa = PBXBuildFile; fileRef = 16D9A3BD1F67548E00AA0637 /* HomeDelegateTableViewCell.swift */; };
		16D9A3C01F675F8100AA0637 /* ArkConstants.swift in Sources */ = {isa = PBXBuildFile; fileRef = 16D9A3BF1F675F8100AA0637 /* ArkConstants.swift */; };
		16D9A3C21F67640400AA0637 /* MainTabViewController.swift in Sources */ = {isa = PBXBuildFile; fileRef = 16D9A3C11F67640400AA0637 /* MainTabViewController.swift */; };
		16D9A3C41F676F0800AA0637 /* HomeForgingTableViewCell.swift in Sources */ = {isa = PBXBuildFile; fileRef = 16D9A3C31F676F0800AA0637 /* HomeForgingTableViewCell.swift */; };
		16D9A3C61F6776B500AA0637 /* HomeLastBlockTableViewCell.swift in Sources */ = {isa = PBXBuildFile; fileRef = 16D9A3C51F6776B500AA0637 /* HomeLastBlockTableViewCell.swift */; };
		50D0451C340D7A669AE07F70 /* Pods_ArkMonitor.framework in Frameworks */ = {isa = PBXBuildFile; fileRef = AED33999C395ABFC734C5C25 /* Pods_ArkMonitor.framework */; };
		9A103AFD1E719A8800621D88 /* Assets.xcassets in Resources */ = {isa = PBXBuildFile; fileRef = 9A103AFC1E719A8800621D88 /* Assets.xcassets */; };
		9A103B001E719A8800621D88 /* LaunchScreen.storyboard in Resources */ = {isa = PBXBuildFile; fileRef = 9A103AFE1E719A8800621D88 /* LaunchScreen.storyboard */; };
		9A103B551E719C6300621D88 /* AppDelegate.swift in Sources */ = {isa = PBXBuildFile; fileRef = 9A103B071E719C6300621D88 /* AppDelegate.swift */; };
		9A103B791E719C6300621D88 /* Account.swift in Sources */ = {isa = PBXBuildFile; fileRef = 9A103B3E1E719C6300621D88 /* Account.swift */; };
		9A103B7A1E719C6300621D88 /* Block.swift in Sources */ = {isa = PBXBuildFile; fileRef = 9A103B3F1E719C6300621D88 /* Block.swift */; };
		9A103B7B1E719C6300621D88 /* Delegate.swift in Sources */ = {isa = PBXBuildFile; fileRef = 9A103B401E719C6300621D88 /* Delegate.swift */; };
		9A103B7C1E719C6300621D88 /* Forging.swift in Sources */ = {isa = PBXBuildFile; fileRef = 9A103B411E719C6300621D88 /* Forging.swift */; };
		9A103B7D1E719C6300621D88 /* Peer.swift in Sources */ = {isa = PBXBuildFile; fileRef = 9A103B421E719C6300621D88 /* Peer.swift */; };
		9A103B7E1E719C6300621D88 /* PeerVersion.swift in Sources */ = {isa = PBXBuildFile; fileRef = 9A103B431E719C6300621D88 /* PeerVersion.swift */; };
		9A103B7F1E719C6300621D88 /* Settings.swift in Sources */ = {isa = PBXBuildFile; fileRef = 9A103B441E719C6300621D88 /* Settings.swift */; };
		9A103B801E719C6300621D88 /* Status.swift in Sources */ = {isa = PBXBuildFile; fileRef = 9A103B451E719C6300621D88 /* Status.swift */; };
		9A103B811E719C6300621D88 /* Ticker.swift in Sources */ = {isa = PBXBuildFile; fileRef = 9A103B461E719C6300621D88 /* Ticker.swift */; };
		9A103B821E719C6300621D88 /* Transaction.swift in Sources */ = {isa = PBXBuildFile; fileRef = 9A103B471E719C6300621D88 /* Transaction.swift */; };
		9A103B831E719C6300621D88 /* Voters.swift in Sources */ = {isa = PBXBuildFile; fileRef = 9A103B481E719C6300621D88 /* Voters.swift */; };
		9A103B841E719C6300621D88 /* Votes.swift in Sources */ = {isa = PBXBuildFile; fileRef = 9A103B491E719C6300621D88 /* Votes.swift */; };
		9A103B851E719C6300621D88 /* ExchangeService.swift in Sources */ = {isa = PBXBuildFile; fileRef = 9A103B4B1E719C6300621D88 /* ExchangeService.swift */; };
		9A103B861E719C6300621D88 /* ArkService.swift in Sources */ = {isa = PBXBuildFile; fileRef = 9A103B4C1E719C6300621D88 /* ArkService.swift */; };
		9A103B871E719C6300621D88 /* Reachability.swift in Sources */ = {isa = PBXBuildFile; fileRef = 9A103B4D1E719C6300621D88 /* Reachability.swift */; };
		9A103B881E719C6300621D88 /* RequestListener.swift in Sources */ = {isa = PBXBuildFile; fileRef = 9A103B4E1E719C6300621D88 /* RequestListener.swift */; };
		9A103B891E719C6300621D88 /* Utils.swift in Sources */ = {isa = PBXBuildFile; fileRef = 9A103B501E719C6300621D88 /* Utils.swift */; };
/* End PBXBuildFile section */

/* Begin PBXFileReference section */
		16089A031F679F4D0051E267 /* DelegateSectionHeaderView.swift */ = {isa = PBXFileReference; lastKnownFileType = sourcecode.swift; path = DelegateSectionHeaderView.swift; sourceTree = "<group>"; };
		16089A051F67A16A0051E267 /* DelegateTableViewCell.swift */ = {isa = PBXFileReference; lastKnownFileType = sourcecode.swift; path = DelegateTableViewCell.swift; sourceTree = "<group>"; };
		162149671F6990A500F33CAF /* SettingViewController.swift */ = {isa = PBXFileReference; lastKnownFileType = sourcecode.swift; path = SettingViewController.swift; sourceTree = "<group>"; };
		162149691F69925300F33CAF /* SettingsUsernameTableViewCell.swift */ = {isa = PBXFileReference; lastKnownFileType = sourcecode.swift; path = SettingsUsernameTableViewCell.swift; sourceTree = "<group>"; };
		1621496C1F69957F00F33CAF /* ArkTextField.swift */ = {isa = PBXFileReference; lastKnownFileType = sourcecode.swift; path = ArkTextField.swift; sourceTree = "<group>"; };
		1621496E1F69994900F33CAF /* SettingsServerTableViewCell.swift */ = {isa = PBXFileReference; lastKnownFileType = sourcecode.swift; path = SettingsServerTableViewCell.swift; sourceTree = "<group>"; };
		162149701F69A19F00F33CAF /* SettingsSaveTableViewCell.swift */ = {isa = PBXFileReference; lastKnownFileType = sourcecode.swift; path = SettingsSaveTableViewCell.swift; sourceTree = "<group>"; };
		162149721F69A21B00F33CAF /* UIButton+Extension.swift */ = {isa = PBXFileReference; lastKnownFileType = sourcecode.swift; path = "UIButton+Extension.swift"; sourceTree = "<group>"; };
		162149751F69A5C200F33CAF /* SettingsIPTableViewCell.swift */ = {isa = PBXFileReference; lastKnownFileType = sourcecode.swift; path = SettingsIPTableViewCell.swift; sourceTree = "<group>"; };
		162149771F69A7C500F33CAF /* SettingsPortTableViewCell.swift */ = {isa = PBXFileReference; lastKnownFileType = sourcecode.swift; path = SettingsPortTableViewCell.swift; sourceTree = "<group>"; };
		162149791F69A9B300F33CAF /* SettingsSSLTableViewCell.swift */ = {isa = PBXFileReference; lastKnownFileType = sourcecode.swift; path = SettingsSSLTableViewCell.swift; sourceTree = "<group>"; };
		1632ED3C1F6AFFAA00A867B7 /* SettingsSelectionAddServerTableViewCell.swift */ = {isa = PBXFileReference; lastKnownFileType = sourcecode.swift; path = SettingsSelectionAddServerTableViewCell.swift; sourceTree = "<group>"; };
		1632ED3E1F6B0AAB00A867B7 /* ArkCustomServerManager.swift */ = {isa = PBXFileReference; lastKnownFileType = sourcecode.swift; path = ArkCustomServerManager.swift; sourceTree = "<group>"; };
		1632ED401F6B0F0700A867B7 /* SettingSelectionCustomTableViewCell.swift */ = {isa = PBXFileReference; lastKnownFileType = sourcecode.swift; path = SettingSelectionCustomTableViewCell.swift; sourceTree = "<group>"; };
		163EB5981F67AA42001074F2 /* PeerSectionHeader.swift */ = {isa = PBXFileReference; lastKnownFileType = sourcecode.swift; path = PeerSectionHeader.swift; sourceTree = "<group>"; };
		163EB59A1F67ABC2001074F2 /* PeerTableViewCell.swift */ = {isa = PBXFileReference; lastKnownFileType = sourcecode.swift; path = PeerTableViewCell.swift; sourceTree = "<group>"; };
		164919C61F68880B003A8B08 /* ArkTableView.swift */ = {isa = PBXFileReference; lastKnownFileType = sourcecode.swift; path = ArkTableView.swift; sourceTree = "<group>"; };
		1656B5D81F682FE4006FCDE5 /* ForgedBlockViewController.swift */ = {isa = PBXFileReference; lastKnownFileType = sourcecode.swift; path = ForgedBlockViewController.swift; sourceTree = "<group>"; };
		1656B5DA1F6830AF006FCDE5 /* ForgedBlockSectionHeader.swift */ = {isa = PBXFileReference; lastKnownFileType = sourcecode.swift; path = ForgedBlockSectionHeader.swift; sourceTree = "<group>"; };
		1656B5DC1F6831BF006FCDE5 /* ForgedBlockTableViewCell.swift */ = {isa = PBXFileReference; lastKnownFileType = sourcecode.swift; path = ForgedBlockTableViewCell.swift; sourceTree = "<group>"; };
		1656B5DE1F68345A006FCDE5 /* MiscViewController.swift */ = {isa = PBXFileReference; lastKnownFileType = sourcecode.swift; path = MiscViewController.swift; sourceTree = "<group>"; };
		1656B5E31F683D34006FCDE5 /* VotesSectionHeader.swift */ = {isa = PBXFileReference; lastKnownFileType = sourcecode.swift; path = VotesSectionHeader.swift; sourceTree = "<group>"; };
		1656B5E51F683E38006FCDE5 /* VotersSectionHeader.swift */ = {isa = PBXFileReference; lastKnownFileType = sourcecode.swift; path = VotersSectionHeader.swift; sourceTree = "<group>"; };
		1656B5E71F683FA2006FCDE5 /* VotesTableViewCell.swift */ = {isa = PBXFileReference; lastKnownFileType = sourcecode.swift; path = VotesTableViewCell.swift; sourceTree = "<group>"; };
		1656B5E91F6840EA006FCDE5 /* VotersTableViewCell.swift */ = {isa = PBXFileReference; lastKnownFileType = sourcecode.swift; path = VotersTableViewCell.swift; sourceTree = "<group>"; };
		1656B5EB1F685067006FCDE5 /* LastestTransactionViewController.swift */ = {isa = PBXFileReference; lastKnownFileType = sourcecode.swift; path = LastestTransactionViewController.swift; sourceTree = "<group>"; };
		1656B5ED1F685B71006FCDE5 /* LatestTransactionTableViewCell.swift */ = {isa = PBXFileReference; lastKnownFileType = sourcecode.swift; path = LatestTransactionTableViewCell.swift; sourceTree = "<group>"; };
		1656B5EF1F685EC8006FCDE5 /* LatestTransactionsSectionHeaderView.swift */ = {isa = PBXFileReference; lastKnownFileType = sourcecode.swift; path = LatestTransactionsSectionHeaderView.swift; sourceTree = "<group>"; };
		1656B5F11F686F9C006FCDE5 /* TransactionDetailViewController.swift */ = {isa = PBXFileReference; lastKnownFileType = sourcecode.swift; path = TransactionDetailViewController.swift; sourceTree = "<group>"; };
		1656B5F31F687287006FCDE5 /* TransactionDetailTableViewCell.swift */ = {isa = PBXFileReference; lastKnownFileType = sourcecode.swift; path = TransactionDetailTableViewCell.swift; sourceTree = "<group>"; };
		1656B5F61F6874EE006FCDE5 /* ArkDataManager.swift */ = {isa = PBXFileReference; lastKnownFileType = sourcecode.swift; path = ArkDataManager.swift; sourceTree = "<group>"; };
		1656B5F81F687852006FCDE5 /* ArkNotificationManager.swift */ = {isa = PBXFileReference; lastKnownFileType = sourcecode.swift; path = ArkNotificationManager.swift; sourceTree = "<group>"; };
		169FB77C1F6778B600DDDBD9 /* HomeBalanceTableViewCell.swift */ = {isa = PBXFileReference; lastKnownFileType = sourcecode.swift; path = HomeBalanceTableViewCell.swift; sourceTree = "<group>"; };
		169FB77E1F67855800DDDBD9 /* HomeAddressTableViewCell.swift */ = {isa = PBXFileReference; lastKnownFileType = sourcecode.swift; path = HomeAddressTableViewCell.swift; sourceTree = "<group>"; };
		169FB7801F6786B900DDDBD9 /* HomeServerTableViewCell.swift */ = {isa = PBXFileReference; lastKnownFileType = sourcecode.swift; path = HomeServerTableViewCell.swift; sourceTree = "<group>"; };
		169FB7821F67889B00DDDBD9 /* HomeVersionTableViewCell.swift */ = {isa = PBXFileReference; lastKnownFileType = sourcecode.swift; path = HomeVersionTableViewCell.swift; sourceTree = "<group>"; };
		169FB7851F678A3F00DDDBD9 /* HomeTableViewCell.swift */ = {isa = PBXFileReference; lastKnownFileType = sourcecode.swift; path = HomeTableViewCell.swift; sourceTree = "<group>"; };
		169FB78B1F679AFF00DDDBD9 /* DelegateViewController.swift */ = {isa = PBXFileReference; lastKnownFileType = sourcecode.swift; path = DelegateViewController.swift; sourceTree = "<group>"; };
		16A9AFEB1F69E0C7001838ED /* UINavigationBar+Extension.swift */ = {isa = PBXFileReference; lastKnownFileType = sourcecode.swift; path = "UINavigationBar+Extension.swift"; sourceTree = "<group>"; };
		16A9AFED1F69EA29001838ED /* UIImage+Extension.swift */ = {isa = PBXFileReference; lastKnownFileType = sourcecode.swift; path = "UIImage+Extension.swift"; sourceTree = "<group>"; };
		16A9AFEF1F6A031C001838ED /* ArkViewController.swift */ = {isa = PBXFileReference; lastKnownFileType = sourcecode.swift; path = ArkViewController.swift; sourceTree = "<group>"; };
		16A9AFF11F6AEDFD001838ED /* Server.swift */ = {isa = PBXFileReference; lastKnownFileType = sourcecode.swift; path = Server.swift; sourceTree = "<group>"; };
		16A9AFF31F6AF08D001838ED /* SettingSelectionViewController.swift */ = {isa = PBXFileReference; lastKnownFileType = sourcecode.swift; path = SettingSelectionViewController.swift; sourceTree = "<group>"; };
		16A9AFF51F6AF703001838ED /* SettingSelectionPresetTableViewCell.swift */ = {isa = PBXFileReference; lastKnownFileType = sourcecode.swift; path = SettingSelectionPresetTableViewCell.swift; sourceTree = "<group>"; };
		16A9AFF71F6AFB8E001838ED /* SettingsSelectionUsernameTableViewCell.swift */ = {isa = PBXFileReference; lastKnownFileType = sourcecode.swift; path = SettingsSelectionUsernameTableViewCell.swift; sourceTree = "<group>"; };
		16D14DE61F6731C800C4B765 /* ArkActivityView.swift */ = {isa = PBXFileReference; lastKnownFileType = sourcecode.swift; path = ArkActivityView.swift; sourceTree = "<group>"; };
		16D14DEF1F6745CB00C4B765 /* ArkColors.swift */ = {isa = PBXFileReference; lastKnownFileType = sourcecode.swift; path = ArkColors.swift; sourceTree = "<group>"; };
		16D9A3BB1F67521C00AA0637 /* HomeViewController.swift */ = {isa = PBXFileReference; lastKnownFileType = sourcecode.swift; path = HomeViewController.swift; sourceTree = "<group>"; };
		16D9A3BD1F67548E00AA0637 /* HomeDelegateTableViewCell.swift */ = {isa = PBXFileReference; lastKnownFileType = sourcecode.swift; path = HomeDelegateTableViewCell.swift; sourceTree = "<group>"; };
		16D9A3BF1F675F8100AA0637 /* ArkConstants.swift */ = {isa = PBXFileReference; lastKnownFileType = sourcecode.swift; path = ArkConstants.swift; sourceTree = "<group>"; };
		16D9A3C11F67640400AA0637 /* MainTabViewController.swift */ = {isa = PBXFileReference; lastKnownFileType = sourcecode.swift; path = MainTabViewController.swift; sourceTree = "<group>"; };
		16D9A3C31F676F0800AA0637 /* HomeForgingTableViewCell.swift */ = {isa = PBXFileReference; lastKnownFileType = sourcecode.swift; path = HomeForgingTableViewCell.swift; sourceTree = "<group>"; };
		16D9A3C51F6776B500AA0637 /* HomeLastBlockTableViewCell.swift */ = {isa = PBXFileReference; lastKnownFileType = sourcecode.swift; path = HomeLastBlockTableViewCell.swift; sourceTree = "<group>"; };
		4E1E4032A0BBD3BDC693E99D /* Pods-ArkMonitor.debug.xcconfig */ = {isa = PBXFileReference; includeInIndex = 1; lastKnownFileType = text.xcconfig; name = "Pods-ArkMonitor.debug.xcconfig"; path = "Pods/Target Support Files/Pods-ArkMonitor/Pods-ArkMonitor.debug.xcconfig"; sourceTree = "<group>"; };
		9A103AF21E719A8800621D88 /* ArkMonitor.app */ = {isa = PBXFileReference; explicitFileType = wrapper.application; includeInIndex = 0; path = ArkMonitor.app; sourceTree = BUILT_PRODUCTS_DIR; };
		9A103AFC1E719A8800621D88 /* Assets.xcassets */ = {isa = PBXFileReference; lastKnownFileType = folder.assetcatalog; path = Assets.xcassets; sourceTree = "<group>"; };
		9A103AFF1E719A8800621D88 /* Base */ = {isa = PBXFileReference; lastKnownFileType = file.storyboard; name = Base; path = Base.lproj/LaunchScreen.storyboard; sourceTree = "<group>"; };
		9A103B011E719A8800621D88 /* Info.plist */ = {isa = PBXFileReference; lastKnownFileType = text.plist.xml; path = Info.plist; sourceTree = "<group>"; };
		9A103B071E719C6300621D88 /* AppDelegate.swift */ = {isa = PBXFileReference; fileEncoding = 4; lastKnownFileType = sourcecode.swift; path = AppDelegate.swift; sourceTree = "<group>"; };
		9A103B3E1E719C6300621D88 /* Account.swift */ = {isa = PBXFileReference; fileEncoding = 4; lastKnownFileType = sourcecode.swift; path = Account.swift; sourceTree = "<group>"; };
		9A103B3F1E719C6300621D88 /* Block.swift */ = {isa = PBXFileReference; fileEncoding = 4; lastKnownFileType = sourcecode.swift; path = Block.swift; sourceTree = "<group>"; };
		9A103B401E719C6300621D88 /* Delegate.swift */ = {isa = PBXFileReference; fileEncoding = 4; lastKnownFileType = sourcecode.swift; path = Delegate.swift; sourceTree = "<group>"; };
		9A103B411E719C6300621D88 /* Forging.swift */ = {isa = PBXFileReference; fileEncoding = 4; lastKnownFileType = sourcecode.swift; path = Forging.swift; sourceTree = "<group>"; };
		9A103B421E719C6300621D88 /* Peer.swift */ = {isa = PBXFileReference; fileEncoding = 4; lastKnownFileType = sourcecode.swift; path = Peer.swift; sourceTree = "<group>"; };
		9A103B431E719C6300621D88 /* PeerVersion.swift */ = {isa = PBXFileReference; fileEncoding = 4; lastKnownFileType = sourcecode.swift; path = PeerVersion.swift; sourceTree = "<group>"; };
		9A103B441E719C6300621D88 /* Settings.swift */ = {isa = PBXFileReference; fileEncoding = 4; lastKnownFileType = sourcecode.swift; path = Settings.swift; sourceTree = "<group>"; };
		9A103B451E719C6300621D88 /* Status.swift */ = {isa = PBXFileReference; fileEncoding = 4; lastKnownFileType = sourcecode.swift; path = Status.swift; sourceTree = "<group>"; };
		9A103B461E719C6300621D88 /* Ticker.swift */ = {isa = PBXFileReference; fileEncoding = 4; lastKnownFileType = sourcecode.swift; path = Ticker.swift; sourceTree = "<group>"; };
		9A103B471E719C6300621D88 /* Transaction.swift */ = {isa = PBXFileReference; fileEncoding = 4; lastKnownFileType = sourcecode.swift; path = Transaction.swift; sourceTree = "<group>"; };
		9A103B481E719C6300621D88 /* Voters.swift */ = {isa = PBXFileReference; fileEncoding = 4; lastKnownFileType = sourcecode.swift; path = Voters.swift; sourceTree = "<group>"; };
		9A103B491E719C6300621D88 /* Votes.swift */ = {isa = PBXFileReference; fileEncoding = 4; lastKnownFileType = sourcecode.swift; path = Votes.swift; sourceTree = "<group>"; };
		9A103B4B1E719C6300621D88 /* ExchangeService.swift */ = {isa = PBXFileReference; fileEncoding = 4; lastKnownFileType = sourcecode.swift; path = ExchangeService.swift; sourceTree = "<group>"; };
		9A103B4C1E719C6300621D88 /* ArkService.swift */ = {isa = PBXFileReference; fileEncoding = 4; lastKnownFileType = sourcecode.swift; path = ArkService.swift; sourceTree = "<group>"; };
		9A103B4D1E719C6300621D88 /* Reachability.swift */ = {isa = PBXFileReference; fileEncoding = 4; lastKnownFileType = sourcecode.swift; path = Reachability.swift; sourceTree = "<group>"; };
		9A103B4E1E719C6300621D88 /* RequestListener.swift */ = {isa = PBXFileReference; fileEncoding = 4; lastKnownFileType = sourcecode.swift; path = RequestListener.swift; sourceTree = "<group>"; };
		9A103B501E719C6300621D88 /* Utils.swift */ = {isa = PBXFileReference; fileEncoding = 4; lastKnownFileType = sourcecode.swift; path = Utils.swift; sourceTree = "<group>"; };
		AED33999C395ABFC734C5C25 /* Pods_ArkMonitor.framework */ = {isa = PBXFileReference; explicitFileType = wrapper.framework; includeInIndex = 0; path = Pods_ArkMonitor.framework; sourceTree = BUILT_PRODUCTS_DIR; };
		DE14C90B39699DD8DF85A49B /* Pods-ArkMonitor.release.xcconfig */ = {isa = PBXFileReference; includeInIndex = 1; lastKnownFileType = text.xcconfig; name = "Pods-ArkMonitor.release.xcconfig"; path = "Pods/Target Support Files/Pods-ArkMonitor/Pods-ArkMonitor.release.xcconfig"; sourceTree = "<group>"; };
/* End PBXFileReference section */

/* Begin PBXFrameworksBuildPhase section */
		9A103AEF1E719A8800621D88 /* Frameworks */ = {
			isa = PBXFrameworksBuildPhase;
			buildActionMask = 2147483647;
			files = (
				50D0451C340D7A669AE07F70 /* Pods_ArkMonitor.framework in Frameworks */,
			);
			runOnlyForDeploymentPostprocessing = 0;
		};
/* End PBXFrameworksBuildPhase section */

/* Begin PBXGroup section */
		1047F9B6AC9D36E19C3CA62B /* Pods */ = {
			isa = PBXGroup;
			children = (
				4E1E4032A0BBD3BDC693E99D /* Pods-ArkMonitor.debug.xcconfig */,
				DE14C90B39699DD8DF85A49B /* Pods-ArkMonitor.release.xcconfig */,
			);
			name = Pods;
			sourceTree = "<group>";
		};
		12A2F8043D76DB3072CB68EC /* Frameworks */ = {
			isa = PBXGroup;
			children = (
				AED33999C395ABFC734C5C25 /* Pods_ArkMonitor.framework */,
			);
			name = Frameworks;
			sourceTree = "<group>";
		};
		160D7DF31F68B8BE009544F5 /* tab */ = {
			isa = PBXGroup;
			children = (
				16D9A3C11F67640400AA0637 /* MainTabViewController.swift */,
			);
			name = tab;
			sourceTree = "<group>";
		};
		1621496B1F69925800F33CAF /* tableviewcells */ = {
			isa = PBXGroup;
			children = (
				162149691F69925300F33CAF /* SettingsUsernameTableViewCell.swift */,
				1621496E1F69994900F33CAF /* SettingsServerTableViewCell.swift */,
				162149701F69A19F00F33CAF /* SettingsSaveTableViewCell.swift */,
				162149751F69A5C200F33CAF /* SettingsIPTableViewCell.swift */,
				162149771F69A7C500F33CAF /* SettingsPortTableViewCell.swift */,
				162149791F69A9B300F33CAF /* SettingsSSLTableViewCell.swift */,
			);
			path = tableviewcells;
			sourceTree = "<group>";
		};
		162149741F69A22500F33CAF /* extensions */ = {
			isa = PBXGroup;
			children = (
				162149721F69A21B00F33CAF /* UIButton+Extension.swift */,
				16A9AFEB1F69E0C7001838ED /* UINavigationBar+Extension.swift */,
				16A9AFED1F69EA29001838ED /* UIImage+Extension.swift */,
			);
			path = extensions;
			sourceTree = "<group>";
		};
		1656B5E01F68345F006FCDE5 /* Misc */ = {
			isa = PBXGroup;
			children = (
				1656B5DE1F68345A006FCDE5 /* MiscViewController.swift */,
				1656B5E11F683BCF006FCDE5 /* Section Headers */,
				1656B5E21F683BD7006FCDE5 /* TableViewCells */,
			);
			path = Misc;
			sourceTree = "<group>";
		};
		1656B5E11F683BCF006FCDE5 /* Section Headers */ = {
			isa = PBXGroup;
			children = (
				163EB5981F67AA42001074F2 /* PeerSectionHeader.swift */,
				1656B5E31F683D34006FCDE5 /* VotesSectionHeader.swift */,
				1656B5E51F683E38006FCDE5 /* VotersSectionHeader.swift */,
			);
			path = "Section Headers";
			sourceTree = "<group>";
		};
		1656B5E21F683BD7006FCDE5 /* TableViewCells */ = {
			isa = PBXGroup;
			children = (
				163EB59A1F67ABC2001074F2 /* PeerTableViewCell.swift */,
				1656B5E71F683FA2006FCDE5 /* VotesTableViewCell.swift */,
				1656B5E91F6840EA006FCDE5 /* VotersTableViewCell.swift */,
			);
			path = TableViewCells;
			sourceTree = "<group>";
		};
		1656B5F51F6874B8006FCDE5 /* detail */ = {
			isa = PBXGroup;
			children = (
				1656B5F11F686F9C006FCDE5 /* TransactionDetailViewController.swift */,
				1656B5F31F687287006FCDE5 /* TransactionDetailTableViewCell.swift */,
			);
			path = detail;
			sourceTree = "<group>";
		};
		169FB7841F678A2300DDDBD9 /* TableView cells */ = {
			isa = PBXGroup;
			children = (
				169FB7851F678A3F00DDDBD9 /* HomeTableViewCell.swift */,
				16D9A3BD1F67548E00AA0637 /* HomeDelegateTableViewCell.swift */,
				16D9A3C31F676F0800AA0637 /* HomeForgingTableViewCell.swift */,
				16D9A3C51F6776B500AA0637 /* HomeLastBlockTableViewCell.swift */,
				169FB77E1F67855800DDDBD9 /* HomeAddressTableViewCell.swift */,
				169FB77C1F6778B600DDDBD9 /* HomeBalanceTableViewCell.swift */,
				169FB7801F6786B900DDDBD9 /* HomeServerTableViewCell.swift */,
				169FB7821F67889B00DDDBD9 /* HomeVersionTableViewCell.swift */,
			);
			path = "TableView cells";
			sourceTree = "<group>";
		};
		16D14DF11F6745D300C4B765 /* Misc */ = {
			isa = PBXGroup;
			children = (
				16D14DE61F6731C800C4B765 /* ArkActivityView.swift */,
				16D9A3BF1F675F8100AA0637 /* ArkConstants.swift */,
				16D14DEF1F6745CB00C4B765 /* ArkColors.swift */,
			);
			path = Misc;
			sourceTree = "<group>";
		};
		9A103AE91E719A8800621D88 = {
			isa = PBXGroup;
			children = (
				9A103AF41E719A8800621D88 /* ArkMonitor */,
				9A103AF31E719A8800621D88 /* Products */,
				1047F9B6AC9D36E19C3CA62B /* Pods */,
				12A2F8043D76DB3072CB68EC /* Frameworks */,
			);
			sourceTree = "<group>";
		};
		9A103AF31E719A8800621D88 /* Products */ = {
			isa = PBXGroup;
			children = (
				9A103AF21E719A8800621D88 /* ArkMonitor.app */,
			);
			name = Products;
			sourceTree = "<group>";
		};
		9A103AF41E719A8800621D88 /* ArkMonitor */ = {
			isa = PBXGroup;
			children = (
				9A103B071E719C6300621D88 /* AppDelegate.swift */,
				9A103B081E719C6300621D88 /* controllers */,
				9A103B3D1E719C6300621D88 /* models */,
				9A103B4A1E719C6300621D88 /* services */,
				9A103B4F1E719C6300621D88 /* utils */,
				162149741F69A22500F33CAF /* extensions */,
				9A103B511E719C6300621D88 /* views */,
				16D14DF11F6745D300C4B765 /* Misc */,
				9A103AFC1E719A8800621D88 /* Assets.xcassets */,
				9A103AFE1E719A8800621D88 /* LaunchScreen.storyboard */,
				9A103B011E719A8800621D88 /* Info.plist */,
			);
			path = ArkMonitor;
			sourceTree = "<group>";
		};
		9A103B081E719C6300621D88 /* controllers */ = {
			isa = PBXGroup;
			children = (
				160D7DF31F68B8BE009544F5 /* tab */,
				9A103B151E719C6300621D88 /* home */,
				9A103B281E719C6300621D88 /* settings */,
				9A103B0F1E719C6300621D88 /* forgedBlocks */,
				9A103B181E719C6300621D88 /* latestTransactions */,
				9A103B091E719C6300621D88 /* delegates */,
				1656B5E01F68345F006FCDE5 /* Misc */,
			);
			path = controllers;
			sourceTree = "<group>";
		};
		9A103B091E719C6300621D88 /* delegates */ = {
			isa = PBXGroup;
			children = (
				169FB78B1F679AFF00DDDBD9 /* DelegateViewController.swift */,
				16089A031F679F4D0051E267 /* DelegateSectionHeaderView.swift */,
				16089A051F67A16A0051E267 /* DelegateTableViewCell.swift */,
			);
			path = delegates;
			sourceTree = "<group>";
		};
		9A103B0F1E719C6300621D88 /* forgedBlocks */ = {
			isa = PBXGroup;
			children = (
				1656B5D81F682FE4006FCDE5 /* ForgedBlockViewController.swift */,
				1656B5DA1F6830AF006FCDE5 /* ForgedBlockSectionHeader.swift */,
				1656B5DC1F6831BF006FCDE5 /* ForgedBlockTableViewCell.swift */,
			);
			path = forgedBlocks;
			sourceTree = "<group>";
		};
		9A103B151E719C6300621D88 /* home */ = {
			isa = PBXGroup;
			children = (
				16D9A3BB1F67521C00AA0637 /* HomeViewController.swift */,
				169FB7841F678A2300DDDBD9 /* TableView cells */,
			);
			path = home;
			sourceTree = "<group>";
		};
		9A103B181E719C6300621D88 /* latestTransactions */ = {
			isa = PBXGroup;
			children = (
				1656B5EB1F685067006FCDE5 /* LastestTransactionViewController.swift */,
				1656B5EF1F685EC8006FCDE5 /* LatestTransactionsSectionHeaderView.swift */,
				1656B5ED1F685B71006FCDE5 /* LatestTransactionTableViewCell.swift */,
				1656B5F51F6874B8006FCDE5 /* detail */,
			);
			path = latestTransactions;
			sourceTree = "<group>";
		};
		9A103B281E719C6300621D88 /* settings */ = {
			isa = PBXGroup;
			children = (
				162149671F6990A500F33CAF /* SettingViewController.swift */,
				1621496B1F69925800F33CAF /* tableviewcells */,
				16A9AFF31F6AF08D001838ED /* SettingSelectionViewController.swift */,
				16A9AFF71F6AFB8E001838ED /* SettingsSelectionUsernameTableViewCell.swift */,
				16A9AFF51F6AF703001838ED /* SettingSelectionPresetTableViewCell.swift */,
				1632ED401F6B0F0700A867B7 /* SettingSelectionCustomTableViewCell.swift */,
				1632ED3C1F6AFFAA00A867B7 /* SettingsSelectionAddServerTableViewCell.swift */,
			);
			path = settings;
			sourceTree = "<group>";
		};
		9A103B3D1E719C6300621D88 /* models */ = {
			isa = PBXGroup;
			children = (
				9A103B3E1E719C6300621D88 /* Account.swift */,
				9A103B3F1E719C6300621D88 /* Block.swift */,
				9A103B401E719C6300621D88 /* Delegate.swift */,
				9A103B411E719C6300621D88 /* Forging.swift */,
				9A103B421E719C6300621D88 /* Peer.swift */,
				9A103B431E719C6300621D88 /* PeerVersion.swift */,
				16A9AFF11F6AEDFD001838ED /* Server.swift */,
				9A103B441E719C6300621D88 /* Settings.swift */,
				9A103B451E719C6300621D88 /* Status.swift */,
				9A103B461E719C6300621D88 /* Ticker.swift */,
				9A103B471E719C6300621D88 /* Transaction.swift */,
				9A103B481E719C6300621D88 /* Voters.swift */,
				9A103B491E719C6300621D88 /* Votes.swift */,
			);
			path = models;
			sourceTree = "<group>";
		};
		9A103B4A1E719C6300621D88 /* services */ = {
			isa = PBXGroup;
			children = (
				9A103B4B1E719C6300621D88 /* ExchangeService.swift */,
				9A103B4C1E719C6300621D88 /* ArkService.swift */,
				9A103B4D1E719C6300621D88 /* Reachability.swift */,
				9A103B4E1E719C6300621D88 /* RequestListener.swift */,
			);
			path = services;
			sourceTree = "<group>";
		};
		9A103B4F1E719C6300621D88 /* utils */ = {
			isa = PBXGroup;
			children = (
				1656B5F61F6874EE006FCDE5 /* ArkDataManager.swift */,
				1632ED3E1F6B0AAB00A867B7 /* ArkCustomServerManager.swift */,
				1656B5F81F687852006FCDE5 /* ArkNotificationManager.swift */,
				9A103B501E719C6300621D88 /* Utils.swift */,
			);
			path = utils;
			sourceTree = "<group>";
		};
		9A103B511E719C6300621D88 /* views */ = {
			isa = PBXGroup;
			children = (
				164919C61F68880B003A8B08 /* ArkTableView.swift */,
				1621496C1F69957F00F33CAF /* ArkTextField.swift */,
				16A9AFEF1F6A031C001838ED /* ArkViewController.swift */,
			);
			path = views;
			sourceTree = "<group>";
		};
/* End PBXGroup section */

/* Begin PBXNativeTarget section */
		9A103AF11E719A8800621D88 /* ArkMonitor */ = {
			isa = PBXNativeTarget;
			buildConfigurationList = 9A103B041E719A8800621D88 /* Build configuration list for PBXNativeTarget "ArkMonitor" */;
			buildPhases = (
				4FC0E139399AE2B0B4D0B760 /* [CP] Check Pods Manifest.lock */,
				9A103AEE1E719A8800621D88 /* Sources */,
				9A103AEF1E719A8800621D88 /* Frameworks */,
				9A103AF01E719A8800621D88 /* Resources */,
				25D5C9B967C41DF6DDDBC435 /* [CP] Embed Pods Frameworks */,
				BDAD00AC34CC9BCCCD04D2FF /* [CP] Copy Pods Resources */,
			);
			buildRules = (
			);
			dependencies = (
			);
			name = ArkMonitor;
			productName = ArkMonitor;
			productReference = 9A103AF21E719A8800621D88 /* ArkMonitor.app */;
			productType = "com.apple.product-type.application";
		};
/* End PBXNativeTarget section */

/* Begin PBXProject section */
		9A103AEA1E719A8800621D88 /* Project object */ = {
			isa = PBXProject;
			attributes = {
				LastSwiftUpdateCheck = 0820;
				LastUpgradeCheck = 0900;
				ORGANIZATIONNAME = vrlc92;
				TargetAttributes = {
					9A103AF11E719A8800621D88 = {
						CreatedOnToolsVersion = 8.2.1;
						DevelopmentTeam = DGV5BLXSF9;
						LastSwiftMigration = 0900;
						ProvisioningStyle = Automatic;
					};
				};
			};
			buildConfigurationList = 9A103AED1E719A8800621D88 /* Build configuration list for PBXProject "ArkMonitor" */;
			compatibilityVersion = "Xcode 3.2";
			developmentRegion = English;
			hasScannedForEncodings = 0;
			knownRegions = (
				en,
				Base,
			);
			mainGroup = 9A103AE91E719A8800621D88;
			productRefGroup = 9A103AF31E719A8800621D88 /* Products */;
			projectDirPath = "";
			projectRoot = "";
			targets = (
				9A103AF11E719A8800621D88 /* ArkMonitor */,
			);
		};
/* End PBXProject section */

/* Begin PBXResourcesBuildPhase section */
		9A103AF01E719A8800621D88 /* Resources */ = {
			isa = PBXResourcesBuildPhase;
			buildActionMask = 2147483647;
			files = (
				9A103B001E719A8800621D88 /* LaunchScreen.storyboard in Resources */,
				9A103AFD1E719A8800621D88 /* Assets.xcassets in Resources */,
			);
			runOnlyForDeploymentPostprocessing = 0;
		};
/* End PBXResourcesBuildPhase section */

/* Begin PBXShellScriptBuildPhase section */
		25D5C9B967C41DF6DDDBC435 /* [CP] Embed Pods Frameworks */ = {
			isa = PBXShellScriptBuildPhase;
			buildActionMask = 2147483647;
			files = (
			);
			inputPaths = (
				"${SRCROOT}/Pods/Target Support Files/Pods-ArkMonitor/Pods-ArkMonitor-frameworks.sh",
				"${BUILT_PRODUCTS_DIR}/Alamofire/Alamofire.framework",
				"${BUILT_PRODUCTS_DIR}/MarqueeLabel/MarqueeLabel.framework",
				"${BUILT_PRODUCTS_DIR}/NVActivityIndicatorView/NVActivityIndicatorView.framework",
				"${BUILT_PRODUCTS_DIR}/NotificationBannerSwift/NotificationBannerSwift.framework",
				"${BUILT_PRODUCTS_DIR}/SnapKit/SnapKit.framework",
			);
			name = "[CP] Embed Pods Frameworks";
			outputPaths = (
				"${TARGET_BUILD_DIR}/${FRAMEWORKS_FOLDER_PATH}/Alamofire.framework",
				"${TARGET_BUILD_DIR}/${FRAMEWORKS_FOLDER_PATH}/MarqueeLabel.framework",
				"${TARGET_BUILD_DIR}/${FRAMEWORKS_FOLDER_PATH}/NVActivityIndicatorView.framework",
				"${TARGET_BUILD_DIR}/${FRAMEWORKS_FOLDER_PATH}/NotificationBannerSwift.framework",
				"${TARGET_BUILD_DIR}/${FRAMEWORKS_FOLDER_PATH}/SnapKit.framework",
			);
			runOnlyForDeploymentPostprocessing = 0;
			shellPath = /bin/sh;
			shellScript = "\"${SRCROOT}/Pods/Target Support Files/Pods-ArkMonitor/Pods-ArkMonitor-frameworks.sh\"\n";
			showEnvVarsInLog = 0;
		};
		4FC0E139399AE2B0B4D0B760 /* [CP] Check Pods Manifest.lock */ = {
			isa = PBXShellScriptBuildPhase;
			buildActionMask = 2147483647;
			files = (
			);
			inputPaths = (
				"${PODS_PODFILE_DIR_PATH}/Podfile.lock",
				"${PODS_ROOT}/Manifest.lock",
			);
			name = "[CP] Check Pods Manifest.lock";
			outputPaths = (
				"$(DERIVED_FILE_DIR)/Pods-ArkMonitor-checkManifestLockResult.txt",
			);
			runOnlyForDeploymentPostprocessing = 0;
			shellPath = /bin/sh;
			shellScript = "diff \"${PODS_PODFILE_DIR_PATH}/Podfile.lock\" \"${PODS_ROOT}/Manifest.lock\" > /dev/null\nif [ $? != 0 ] ; then\n    # print error to STDERR\n    echo \"error: The sandbox is not in sync with the Podfile.lock. Run 'pod install' or update your CocoaPods installation.\" >&2\n    exit 1\nfi\n# This output is used by Xcode 'outputs' to avoid re-running this script phase.\necho \"SUCCESS\" > \"${SCRIPT_OUTPUT_FILE_0}\"\n";
			showEnvVarsInLog = 0;
		};
		BDAD00AC34CC9BCCCD04D2FF /* [CP] Copy Pods Resources */ = {
			isa = PBXShellScriptBuildPhase;
			buildActionMask = 2147483647;
			files = (
			);
			inputPaths = (
			);
			name = "[CP] Copy Pods Resources";
			outputPaths = (
			);
			runOnlyForDeploymentPostprocessing = 0;
			shellPath = /bin/sh;
			shellScript = "\"${SRCROOT}/Pods/Target Support Files/Pods-ArkMonitor/Pods-ArkMonitor-resources.sh\"\n";
			showEnvVarsInLog = 0;
		};
/* End PBXShellScriptBuildPhase section */

/* Begin PBXSourcesBuildPhase section */
		9A103AEE1E719A8800621D88 /* Sources */ = {
			isa = PBXSourcesBuildPhase;
			buildActionMask = 2147483647;
			files = (
				9A103B791E719C6300621D88 /* Account.swift in Sources */,
				169FB7861F678A3F00DDDBD9 /* HomeTableViewCell.swift in Sources */,
				9A103B551E719C6300621D88 /* AppDelegate.swift in Sources */,
				169FB77F1F67855800DDDBD9 /* HomeAddressTableViewCell.swift in Sources */,
				162149781F69A7C500F33CAF /* SettingsPortTableViewCell.swift in Sources */,
				1621496D1F69957F00F33CAF /* ArkTextField.swift in Sources */,
				9A103B811E719C6300621D88 /* Ticker.swift in Sources */,
				1656B5EC1F685067006FCDE5 /* LastestTransactionViewController.swift in Sources */,
				9A103B7C1E719C6300621D88 /* Forging.swift in Sources */,
				1656B5DB1F6830AF006FCDE5 /* ForgedBlockSectionHeader.swift in Sources */,
				1656B5F01F685EC8006FCDE5 /* LatestTransactionsSectionHeaderView.swift in Sources */,
				16D14DF01F6745CB00C4B765 /* ArkColors.swift in Sources */,
				16A9AFF41F6AF08D001838ED /* SettingSelectionViewController.swift in Sources */,
				1621496F1F69994900F33CAF /* SettingsServerTableViewCell.swift in Sources */,
				16D9A3C01F675F8100AA0637 /* ArkConstants.swift in Sources */,
				1656B5E61F683E38006FCDE5 /* VotersSectionHeader.swift in Sources */,
				16A9AFF01F6A031C001838ED /* ArkViewController.swift in Sources */,
				9A103B831E719C6300621D88 /* Voters.swift in Sources */,
				1632ED3F1F6B0AAB00A867B7 /* ArkCustomServerManager.swift in Sources */,
				16089A061F67A16A0051E267 /* DelegateTableViewCell.swift in Sources */,
				9A103B871E719C6300621D88 /* Reachability.swift in Sources */,
				1656B5F91F687852006FCDE5 /* ArkNotificationManager.swift in Sources */,
				9A103B861E719C6300621D88 /* ArkService.swift in Sources */,
				9A103B891E719C6300621D88 /* Utils.swift in Sources */,
				1656B5DD1F6831BF006FCDE5 /* ForgedBlockTableViewCell.swift in Sources */,
				1632ED411F6B0F0700A867B7 /* SettingSelectionCustomTableViewCell.swift in Sources */,
				16D9A3BC1F67521C00AA0637 /* HomeViewController.swift in Sources */,
				1656B5EE1F685B71006FCDE5 /* LatestTransactionTableViewCell.swift in Sources */,
				164919C71F68880B003A8B08 /* ArkTableView.swift in Sources */,
				9A103B7D1E719C6300621D88 /* Peer.swift in Sources */,
				162149761F69A5C200F33CAF /* SettingsIPTableViewCell.swift in Sources */,
				162149681F6990A500F33CAF /* SettingViewController.swift in Sources */,
				169FB7811F6786B900DDDBD9 /* HomeServerTableViewCell.swift in Sources */,
				162149731F69A21B00F33CAF /* UIButton+Extension.swift in Sources */,
				9A103B7B1E719C6300621D88 /* Delegate.swift in Sources */,
				9A103B881E719C6300621D88 /* RequestListener.swift in Sources */,
				16D9A3C61F6776B500AA0637 /* HomeLastBlockTableViewCell.swift in Sources */,
				16A9AFEC1F69E0C7001838ED /* UINavigationBar+Extension.swift in Sources */,
				16A9AFF61F6AF703001838ED /* SettingSelectionPresetTableViewCell.swift in Sources */,
				169FB7831F67889B00DDDBD9 /* HomeVersionTableViewCell.swift in Sources */,
				1621496A1F69925300F33CAF /* SettingsUsernameTableViewCell.swift in Sources */,
				16D9A3C41F676F0800AA0637 /* HomeForgingTableViewCell.swift in Sources */,
				9A103B801E719C6300621D88 /* Status.swift in Sources */,
				1656B5F41F687287006FCDE5 /* TransactionDetailTableViewCell.swift in Sources */,
				169FB78C1F679AFF00DDDBD9 /* DelegateViewController.swift in Sources */,
				163EB5991F67AA42001074F2 /* PeerSectionHeader.swift in Sources */,
				9A103B7F1E719C6300621D88 /* Settings.swift in Sources */,
				1656B5F71F6874EE006FCDE5 /* ArkDataManager.swift in Sources */,
				9A103B821E719C6300621D88 /* Transaction.swift in Sources */,
				16D14DE71F6731C800C4B765 /* ArkActivityView.swift in Sources */,
				16089A041F679F4D0051E267 /* DelegateSectionHeaderView.swift in Sources */,
				16A9AFF81F6AFB8E001838ED /* SettingsSelectionUsernameTableViewCell.swift in Sources */,
				1621497A1F69A9B300F33CAF /* SettingsSSLTableViewCell.swift in Sources */,
				1656B5E81F683FA2006FCDE5 /* VotesTableViewCell.swift in Sources */,
				16D9A3BE1F67548E00AA0637 /* HomeDelegateTableViewCell.swift in Sources */,
				16A9AFF21F6AEDFD001838ED /* Server.swift in Sources */,
				16D9A3C21F67640400AA0637 /* MainTabViewController.swift in Sources */,
				1656B5F21F686F9C006FCDE5 /* TransactionDetailViewController.swift in Sources */,
				9A103B851E719C6300621D88 /* ExchangeService.swift in Sources */,
				1656B5EA1F6840EA006FCDE5 /* VotersTableViewCell.swift in Sources */,
				1656B5D91F682FE4006FCDE5 /* ForgedBlockViewController.swift in Sources */,
				162149711F69A19F00F33CAF /* SettingsSaveTableViewCell.swift in Sources */,
				1632ED3D1F6AFFAA00A867B7 /* SettingsSelectionAddServerTableViewCell.swift in Sources */,
				9A103B7A1E719C6300621D88 /* Block.swift in Sources */,
				169FB77D1F6778B600DDDBD9 /* HomeBalanceTableViewCell.swift in Sources */,
				16A9AFEE1F69EA29001838ED /* UIImage+Extension.swift in Sources */,
				1656B5DF1F68345A006FCDE5 /* MiscViewController.swift in Sources */,
				9A103B841E719C6300621D88 /* Votes.swift in Sources */,
				9A103B7E1E719C6300621D88 /* PeerVersion.swift in Sources */,
				163EB59B1F67ABC2001074F2 /* PeerTableViewCell.swift in Sources */,
				1656B5E41F683D34006FCDE5 /* VotesSectionHeader.swift in Sources */,
			);
			runOnlyForDeploymentPostprocessing = 0;
		};
/* End PBXSourcesBuildPhase section */

/* Begin PBXVariantGroup section */
		9A103AFE1E719A8800621D88 /* LaunchScreen.storyboard */ = {
			isa = PBXVariantGroup;
			children = (
				9A103AFF1E719A8800621D88 /* Base */,
			);
			name = LaunchScreen.storyboard;
			sourceTree = "<group>";
		};
/* End PBXVariantGroup section */

/* Begin XCBuildConfiguration section */
		9A103B021E719A8800621D88 /* Debug */ = {
			isa = XCBuildConfiguration;
			buildSettings = {
				ALWAYS_SEARCH_USER_PATHS = NO;
				CLANG_ANALYZER_NONNULL = YES;
				CLANG_CXX_LANGUAGE_STANDARD = "gnu++0x";
				CLANG_CXX_LIBRARY = "libc++";
				CLANG_ENABLE_MODULES = YES;
				CLANG_ENABLE_OBJC_ARC = YES;
				CLANG_WARN_BLOCK_CAPTURE_AUTORELEASING = YES;
				CLANG_WARN_BOOL_CONVERSION = YES;
				CLANG_WARN_COMMA = YES;
				CLANG_WARN_CONSTANT_CONVERSION = YES;
				CLANG_WARN_DIRECT_OBJC_ISA_USAGE = YES_ERROR;
				CLANG_WARN_DOCUMENTATION_COMMENTS = YES;
				CLANG_WARN_EMPTY_BODY = YES;
				CLANG_WARN_ENUM_CONVERSION = YES;
				CLANG_WARN_INFINITE_RECURSION = YES;
				CLANG_WARN_INT_CONVERSION = YES;
				CLANG_WARN_NON_LITERAL_NULL_CONVERSION = YES;
				CLANG_WARN_OBJC_LITERAL_CONVERSION = YES;
				CLANG_WARN_OBJC_ROOT_CLASS = YES_ERROR;
				CLANG_WARN_RANGE_LOOP_ANALYSIS = YES;
				CLANG_WARN_STRICT_PROTOTYPES = YES;
				CLANG_WARN_SUSPICIOUS_MOVE = YES;
				CLANG_WARN_UNREACHABLE_CODE = YES;
				CLANG_WARN__DUPLICATE_METHOD_MATCH = YES;
				"CODE_SIGN_IDENTITY[sdk=iphoneos*]" = "iPhone Developer";
				COPY_PHASE_STRIP = NO;
				DEBUG_INFORMATION_FORMAT = dwarf;
				ENABLE_STRICT_OBJC_MSGSEND = YES;
				ENABLE_TESTABILITY = YES;
				GCC_C_LANGUAGE_STANDARD = gnu99;
				GCC_DYNAMIC_NO_PIC = NO;
				GCC_NO_COMMON_BLOCKS = YES;
				GCC_OPTIMIZATION_LEVEL = 0;
				GCC_PREPROCESSOR_DEFINITIONS = (
					"DEBUG=1",
					"$(inherited)",
				);
				GCC_WARN_64_TO_32_BIT_CONVERSION = YES;
				GCC_WARN_ABOUT_RETURN_TYPE = YES_ERROR;
				GCC_WARN_UNDECLARED_SELECTOR = YES;
				GCC_WARN_UNINITIALIZED_AUTOS = YES_AGGRESSIVE;
				GCC_WARN_UNUSED_FUNCTION = YES;
				GCC_WARN_UNUSED_VARIABLE = YES;
				IPHONEOS_DEPLOYMENT_TARGET = 10.2;
				MTL_ENABLE_DEBUG_INFO = YES;
				ONLY_ACTIVE_ARCH = YES;
				SDKROOT = iphoneos;
				SWIFT_ACTIVE_COMPILATION_CONDITIONS = DEBUG;
				SWIFT_OPTIMIZATION_LEVEL = "-Onone";
			};
			name = Debug;
		};
		9A103B031E719A8800621D88 /* Release */ = {
			isa = XCBuildConfiguration;
			buildSettings = {
				ALWAYS_SEARCH_USER_PATHS = NO;
				CLANG_ANALYZER_NONNULL = YES;
				CLANG_CXX_LANGUAGE_STANDARD = "gnu++0x";
				CLANG_CXX_LIBRARY = "libc++";
				CLANG_ENABLE_MODULES = YES;
				CLANG_ENABLE_OBJC_ARC = YES;
				CLANG_WARN_BLOCK_CAPTURE_AUTORELEASING = YES;
				CLANG_WARN_BOOL_CONVERSION = YES;
				CLANG_WARN_COMMA = YES;
				CLANG_WARN_CONSTANT_CONVERSION = YES;
				CLANG_WARN_DIRECT_OBJC_ISA_USAGE = YES_ERROR;
				CLANG_WARN_DOCUMENTATION_COMMENTS = YES;
				CLANG_WARN_EMPTY_BODY = YES;
				CLANG_WARN_ENUM_CONVERSION = YES;
				CLANG_WARN_INFINITE_RECURSION = YES;
				CLANG_WARN_INT_CONVERSION = YES;
				CLANG_WARN_NON_LITERAL_NULL_CONVERSION = YES;
				CLANG_WARN_OBJC_LITERAL_CONVERSION = YES;
				CLANG_WARN_OBJC_ROOT_CLASS = YES_ERROR;
				CLANG_WARN_RANGE_LOOP_ANALYSIS = YES;
				CLANG_WARN_STRICT_PROTOTYPES = YES;
				CLANG_WARN_SUSPICIOUS_MOVE = YES;
				CLANG_WARN_UNREACHABLE_CODE = YES;
				CLANG_WARN__DUPLICATE_METHOD_MATCH = YES;
				"CODE_SIGN_IDENTITY[sdk=iphoneos*]" = "iPhone Developer";
				COPY_PHASE_STRIP = NO;
				DEBUG_INFORMATION_FORMAT = "dwarf-with-dsym";
				ENABLE_NS_ASSERTIONS = NO;
				ENABLE_STRICT_OBJC_MSGSEND = YES;
				GCC_C_LANGUAGE_STANDARD = gnu99;
				GCC_NO_COMMON_BLOCKS = YES;
				GCC_WARN_64_TO_32_BIT_CONVERSION = YES;
				GCC_WARN_ABOUT_RETURN_TYPE = YES_ERROR;
				GCC_WARN_UNDECLARED_SELECTOR = YES;
				GCC_WARN_UNINITIALIZED_AUTOS = YES_AGGRESSIVE;
				GCC_WARN_UNUSED_FUNCTION = YES;
				GCC_WARN_UNUSED_VARIABLE = YES;
				IPHONEOS_DEPLOYMENT_TARGET = 10.2;
				MTL_ENABLE_DEBUG_INFO = NO;
				SDKROOT = iphoneos;
				SWIFT_OPTIMIZATION_LEVEL = "-Owholemodule";
				VALIDATE_PRODUCT = YES;
			};
			name = Release;
		};
		9A103B051E719A8800621D88 /* Debug */ = {
			isa = XCBuildConfiguration;
			baseConfigurationReference = 4E1E4032A0BBD3BDC693E99D /* Pods-ArkMonitor.debug.xcconfig */;
			buildSettings = {
				ALWAYS_EMBED_SWIFT_STANDARD_LIBRARIES = YES;
				ASSETCATALOG_COMPILER_APPICON_NAME = AppIcon;
				CLANG_ENABLE_MODULES = YES;
				"CODE_SIGN_IDENTITY[sdk=iphoneos*]" = "iPhone Developer";
				DEVELOPMENT_TEAM = DGV5BLXSF9;
				INFOPLIST_FILE = ArkMonitor/Info.plist;
				LD_RUNPATH_SEARCH_PATHS = "$(inherited) @executable_path/Frameworks";
				PRODUCT_BUNDLE_IDENTIFIER = com.vrlc92.ArkMonitor123;
				PRODUCT_NAME = "$(TARGET_NAME)";
				SWIFT_OPTIMIZATION_LEVEL = "-Onone";
				SWIFT_SWIFT3_OBJC_INFERENCE = Default;
				SWIFT_VERSION = 4.0;
			};
			name = Debug;
		};
		9A103B061E719A8800621D88 /* Release */ = {
			isa = XCBuildConfiguration;
			baseConfigurationReference = DE14C90B39699DD8DF85A49B /* Pods-ArkMonitor.release.xcconfig */;
			buildSettings = {
				ALWAYS_EMBED_SWIFT_STANDARD_LIBRARIES = YES;
				ASSETCATALOG_COMPILER_APPICON_NAME = AppIcon;
				CLANG_ENABLE_MODULES = YES;
				"CODE_SIGN_IDENTITY[sdk=iphoneos*]" = "iPhone Developer";
				DEVELOPMENT_TEAM = DGV5BLXSF9;
				INFOPLIST_FILE = ArkMonitor/Info.plist;
				LD_RUNPATH_SEARCH_PATHS = "$(inherited) @executable_path/Frameworks";
				PRODUCT_BUNDLE_IDENTIFIER = com.vrlc92.ArkMonitor123;
				PRODUCT_NAME = "$(TARGET_NAME)";
				SWIFT_SWIFT3_OBJC_INFERENCE = Default;
				SWIFT_VERSION = 4.0;
			};
			name = Release;
		};
/* End XCBuildConfiguration section */

/* Begin XCConfigurationList section */
		9A103AED1E719A8800621D88 /* Build configuration list for PBXProject "ArkMonitor" */ = {
			isa = XCConfigurationList;
			buildConfigurations = (
				9A103B021E719A8800621D88 /* Debug */,
				9A103B031E719A8800621D88 /* Release */,
			);
			defaultConfigurationIsVisible = 0;
			defaultConfigurationName = Release;
		};
		9A103B041E719A8800621D88 /* Build configuration list for PBXNativeTarget "ArkMonitor" */ = {
			isa = XCConfigurationList;
			buildConfigurations = (
				9A103B051E719A8800621D88 /* Debug */,
				9A103B061E719A8800621D88 /* Release */,
			);
			defaultConfigurationIsVisible = 0;
			defaultConfigurationName = Release;
		};
/* End XCConfigurationList section */
	};
	rootObject = 9A103AEA1E719A8800621D88 /* Project object */;
}
